// !$*UTF8*$!
{
	archiveVersion = 1;
	classes = {
	};
	objectVersion = 46;
	objects = {

/* Begin PBXBuildFile section */
		ED0EFE711C31F34400C9B600 /* SaveViewController.m in Sources */ = {isa = PBXBuildFile; fileRef = ED0EFE701C31F34400C9B600 /* SaveViewController.m */; };
		ED0EFE741C323BD400C9B600 /* Main.storyboard in Resources */ = {isa = PBXBuildFile; fileRef = ED0EFE731C323BD400C9B600 /* Main.storyboard */; };
		ED0EFE771C323C0000C9B600 /* IntroductionViewController.m in Sources */ = {isa = PBXBuildFile; fileRef = ED0EFE761C323C0000C9B600 /* IntroductionViewController.m */; };
		ED0EFE7B1C3244BA00C9B600 /* RegisterUserViewController.m in Sources */ = {isa = PBXBuildFile; fileRef = ED0EFE7A1C3244BA00C9B600 /* RegisterUserViewController.m */; };
		ED0EFE7E1C3244EA00C9B600 /* RegisterViews.xib in Resources */ = {isa = PBXBuildFile; fileRef = ED0EFE7D1C3244EA00C9B600 /* RegisterViews.xib */; };
		ED0EFE811C32452100C9B600 /* PersonalInfoView.m in Sources */ = {isa = PBXBuildFile; fileRef = ED0EFE801C32452100C9B600 /* PersonalInfoView.m */; };
		ED0EFE831C32544E00C9B600 /* profile-pic.jpg in Resources */ = {isa = PBXBuildFile; fileRef = ED0EFE821C32544D00C9B600 /* profile-pic.jpg */; };
		ED0EFE861C33268F00C9B600 /* FindFriendsView.m in Sources */ = {isa = PBXBuildFile; fileRef = ED0EFE851C33268F00C9B600 /* FindFriendsView.m */; };
		ED0EFE8A1C3326B900C9B600 /* ProfilePanelView.m in Sources */ = {isa = PBXBuildFile; fileRef = ED0EFE891C3326B900C9B600 /* ProfilePanelView.m */; };
		ED0EFE8C1C3326D100C9B600 /* ProfilePanelView.xib in Resources */ = {isa = PBXBuildFile; fileRef = ED0EFE8B1C3326D100C9B600 /* ProfilePanelView.xib */; };
		ED0EFE911C3327F900C9B600 /* UserModel.m in Sources */ = {isa = PBXBuildFile; fileRef = ED0EFE901C3327F900C9B600 /* UserModel.m */; };
		ED0EFE931C332A1E00C9B600 /* default.png in Resources */ = {isa = PBXBuildFile; fileRef = ED0EFE921C332A1E00C9B600 /* default.png */; };
		ED0EFE971C33787E00C9B600 /* PopularPeopleView.m in Sources */ = {isa = PBXBuildFile; fileRef = ED0EFE961C33787D00C9B600 /* PopularPeopleView.m */; };
		ED0F41201C347E3500570703 /* FriendModel.m in Sources */ = {isa = PBXBuildFile; fileRef = ED0F411F1C347E3500570703 /* FriendModel.m */; };
		ED0F41231C34821000570703 /* SignInViewController.m in Sources */ = {isa = PBXBuildFile; fileRef = ED0F41221C34821000570703 /* SignInViewController.m */; };
		ED0F41261C348DA900570703 /* DBManager.m in Sources */ = {isa = PBXBuildFile; fileRef = ED0F41251C348DA900570703 /* DBManager.m */; };
		ED0F41281C348E0300570703 /* libsqlite3.tbd in Frameworks */ = {isa = PBXBuildFile; fileRef = ED0F41271C348E0300570703 /* libsqlite3.tbd */; };
		ED0F412D1C349CD200570703 /* FeedViewController.m in Sources */ = {isa = PBXBuildFile; fileRef = ED0F412C1C349CD200570703 /* FeedViewController.m */; };
		ED0F41301C349D7000570703 /* MapViewController.m in Sources */ = {isa = PBXBuildFile; fileRef = ED0F412F1C349D7000570703 /* MapViewController.m */; };
		ED0F41331C349D7E00570703 /* PostViewController.m in Sources */ = {isa = PBXBuildFile; fileRef = ED0F41321C349D7E00570703 /* PostViewController.m */; };
		ED0F41361C349D8800570703 /* MeViewController.m in Sources */ = {isa = PBXBuildFile; fileRef = ED0F41351C349D8800570703 /* MeViewController.m */; };
		ED29D5431C3B534100B55985 /* intro03.jpg in Resources */ = {isa = PBXBuildFile; fileRef = ED29D5421C3B534100B55985 /* intro03.jpg */; };
		ED29D5451C3B534900B55985 /* intro02.jpg in Resources */ = {isa = PBXBuildFile; fileRef = ED29D5441C3B534900B55985 /* intro02.jpg */; };
		ED29D5471C3B534F00B55985 /* intro01.jpg in Resources */ = {isa = PBXBuildFile; fileRef = ED29D5461C3B534F00B55985 /* intro01.jpg */; };
		ED43A7011C31B857008C2C79 /* SaveTest.m in Sources */ = {isa = PBXBuildFile; fileRef = ED43A7001C31B857008C2C79 /* SaveTest.m */; };
		ED7EB0291C289442004BAF7A /* main.m in Sources */ = {isa = PBXBuildFile; fileRef = ED7EB0281C289442004BAF7A /* main.m */; };
		ED7EB02C1C289442004BAF7A /* AppDelegate.m in Sources */ = {isa = PBXBuildFile; fileRef = ED7EB02B1C289442004BAF7A /* AppDelegate.m */; };
		ED7EB02F1C289442004BAF7A /* LoginViewController.m in Sources */ = {isa = PBXBuildFile; fileRef = ED7EB02E1C289442004BAF7A /* LoginViewController.m */; };
		ED7EB0321C289442004BAF7A /* RegisterViewController.m in Sources */ = {isa = PBXBuildFile; fileRef = ED7EB0311C289442004BAF7A /* RegisterViewController.m */; };
		ED7EB0351C289443004BAF7A /* Testing.storyboard in Resources */ = {isa = PBXBuildFile; fileRef = ED7EB0331C289443004BAF7A /* Testing.storyboard */; };
		ED7EB0371C289443004BAF7A /* Assets.xcassets in Resources */ = {isa = PBXBuildFile; fileRef = ED7EB0361C289443004BAF7A /* Assets.xcassets */; };
		ED7EB03A1C289443004BAF7A /* LaunchScreen.storyboard in Resources */ = {isa = PBXBuildFile; fileRef = ED7EB0381C289443004BAF7A /* LaunchScreen.storyboard */; };
		ED7EB0451C289444004BAF7A /* FBLA_2016Tests.m in Sources */ = {isa = PBXBuildFile; fileRef = ED7EB0441C289443004BAF7A /* FBLA_2016Tests.m */; };
		ED7EB0501C289444004BAF7A /* FBLA_2016UITests.m in Sources */ = {isa = PBXBuildFile; fileRef = ED7EB04F1C289444004BAF7A /* FBLA_2016UITests.m */; };
		ED7EB0601C289AE6004BAF7A /* SlidingViewController.m in Sources */ = {isa = PBXBuildFile; fileRef = ED7EB05F1C289AE6004BAF7A /* SlidingViewController.m */; };
		ED7EB0621C289AF8004BAF7A /* SlidingView.xib in Resources */ = {isa = PBXBuildFile; fileRef = ED7EB0611C289AF8004BAF7A /* SlidingView.xib */; };
		ED7EB0651C28D496004BAF7A /* IntroViews.xib in Resources */ = {isa = PBXBuildFile; fileRef = ED7EB0641C28D496004BAF7A /* IntroViews.xib */; };
		ED7EB0681C28D4EA004BAF7A /* IntroViewController.m in Sources */ = {isa = PBXBuildFile; fileRef = ED7EB0671C28D4EA004BAF7A /* IntroViewController.m */; };
		ED7EB06C1C28D7C4004BAF7A /* SignInMenuView.m in Sources */ = {isa = PBXBuildFile; fileRef = ED7EB06B1C28D7C4004BAF7A /* SignInMenuView.m */; };
		ED7EB06E1C28D7D5004BAF7A /* SignInMenuView.xib in Resources */ = {isa = PBXBuildFile; fileRef = ED7EB06D1C28D7D5004BAF7A /* SignInMenuView.xib */; };
		ED9410001C35B6EF00065168 /* TagView.m in Sources */ = {isa = PBXBuildFile; fileRef = ED940FFF1C35B6EF00065168 /* TagView.m */; };
		ED9410021C35B6FC00065168 /* TagView.xib in Resources */ = {isa = PBXBuildFile; fileRef = ED9410011C35B6FC00065168 /* TagView.xib */; };
		ED9410051C35B80600065168 /* TagCellView.xib in Resources */ = {isa = PBXBuildFile; fileRef = ED9410041C35B80600065168 /* TagCellView.xib */; };
		ED9410081C35B81500065168 /* TagCellView.m in Sources */ = {isa = PBXBuildFile; fileRef = ED9410071C35B81500065168 /* TagCellView.m */; };
		ED94100C1C35B85100065168 /* TagModel.m in Sources */ = {isa = PBXBuildFile; fileRef = ED94100B1C35B85100065168 /* TagModel.m */; };
		ED9410101C35BCE700065168 /* TagIconView.m in Sources */ = {isa = PBXBuildFile; fileRef = ED94100F1C35BCE700065168 /* TagIconView.m */; };
		ED9410121C35BD3D00065168 /* TagIconView.xib in Resources */ = {isa = PBXBuildFile; fileRef = ED9410111C35BD3D00065168 /* TagIconView.xib */; };
		ED9410151C3701A600065168 /* ImagePostView.xib in Resources */ = {isa = PBXBuildFile; fileRef = ED9410141C3701A600065168 /* ImagePostView.xib */; };
		ED9410181C3701B900065168 /* ImagePostView.m in Sources */ = {isa = PBXBuildFile; fileRef = ED9410171C3701B900065168 /* ImagePostView.m */; };
		ED94101C1C370C3100065168 /* fbla.sqlite in Resources */ = {isa = PBXBuildFile; fileRef = ED94101B1C370C3100065168 /* fbla.sqlite */; };
		EDB8C7C01C38BB6800464EAB /* camera.png in Resources */ = {isa = PBXBuildFile; fileRef = EDB8C7BF1C38BB6800464EAB /* camera.png */; };
		EDB8C7C31C38E2B100464EAB /* DBDump.m in Sources */ = {isa = PBXBuildFile; fileRef = EDB8C7C21C38E2B100464EAB /* DBDump.m */; };
		EDCFB6A61C39DC7100C05792 /* LaunchScreenViewController.m in Sources */ = {isa = PBXBuildFile; fileRef = EDCFB6A51C39DC7100C05792 /* LaunchScreenViewController.m */; };
		EDEA48E01C34BB0E0025FDA6 /* ProfileView.m in Sources */ = {isa = PBXBuildFile; fileRef = EDEA48DF1C34BB0E0025FDA6 /* ProfileView.m */; };
		EDEA48E41C34BB5B0025FDA6 /* ProfileView.xib in Resources */ = {isa = PBXBuildFile; fileRef = EDEA48E31C34BB5B0025FDA6 /* ProfileView.xib */; };
		EDEA48E91C34DEE00025FDA6 /* PostModel.m in Sources */ = {isa = PBXBuildFile; fileRef = EDEA48E81C34DEE00025FDA6 /* PostModel.m */; };
		EDEA48EC1C34DEF10025FDA6 /* CommentModel.m in Sources */ = {isa = PBXBuildFile; fileRef = EDEA48EB1C34DEF10025FDA6 /* CommentModel.m */; };
		EDEA48F01C34E0090025FDA6 /* ImagePostModel.m in Sources */ = {isa = PBXBuildFile; fileRef = EDEA48EF1C34E0090025FDA6 /* ImagePostModel.m */; };
		EDEA48F41C34E19B0025FDA6 /* PostCellView.m in Sources */ = {isa = PBXBuildFile; fileRef = EDEA48F31C34E19B0025FDA6 /* PostCellView.m */; };
		EDEA48F71C34E1B90025FDA6 /* PostCellView.xib in Resources */ = {isa = PBXBuildFile; fileRef = EDEA48F61C34E1B90025FDA6 /* PostCellView.xib */; };
		EDEA48FB1C34E2DC0025FDA6 /* RatingView.xib in Resources */ = {isa = PBXBuildFile; fileRef = EDEA48FA1C34E2DC0025FDA6 /* RatingView.xib */; };
		EDEA48FE1C34E2EB0025FDA6 /* RatingView.m in Sources */ = {isa = PBXBuildFile; fileRef = EDEA48FD1C34E2EB0025FDA6 /* RatingView.m */; };
		EDEA49021C34E3000025FDA6 /* RatingModel.m in Sources */ = {isa = PBXBuildFile; fileRef = EDEA49011C34E3000025FDA6 /* RatingModel.m */; };
		EDEA49061C34EBF20025FDA6 /* CommentCellView.m in Sources */ = {isa = PBXBuildFile; fileRef = EDEA49051C34EBF20025FDA6 /* CommentCellView.m */; };
		EDEA49081C34EC400025FDA6 /* CommentCellView.xib in Resources */ = {isa = PBXBuildFile; fileRef = EDEA49071C34EC400025FDA6 /* CommentCellView.xib */; };
		EDEA490B1C34F2920025FDA6 /* PostView.xib in Resources */ = {isa = PBXBuildFile; fileRef = EDEA490A1C34F2920025FDA6 /* PostView.xib */; };
		EDEA490E1C34F2A20025FDA6 /* PostView.m in Sources */ = {isa = PBXBuildFile; fileRef = EDEA490D1C34F2A20025FDA6 /* PostView.m */; };
/* End PBXBuildFile section */

/* Begin PBXContainerItemProxy section */
		ED7EB0411C289443004BAF7A /* PBXContainerItemProxy */ = {
			isa = PBXContainerItemProxy;
			containerPortal = ED7EB01C1C289441004BAF7A /* Project object */;
			proxyType = 1;
			remoteGlobalIDString = ED7EB0231C289441004BAF7A;
			remoteInfo = "FBLA-2016";
		};
		ED7EB04C1C289444004BAF7A /* PBXContainerItemProxy */ = {
			isa = PBXContainerItemProxy;
			containerPortal = ED7EB01C1C289441004BAF7A /* Project object */;
			proxyType = 1;
			remoteGlobalIDString = ED7EB0231C289441004BAF7A;
			remoteInfo = "FBLA-2016";
		};
/* End PBXContainerItemProxy section */

/* Begin PBXFileReference section */
		ED0EFE6F1C31F34400C9B600 /* SaveViewController.h */ = {isa = PBXFileReference; fileEncoding = 4; lastKnownFileType = sourcecode.c.h; path = SaveViewController.h; sourceTree = "<group>"; };
		ED0EFE701C31F34400C9B600 /* SaveViewController.m */ = {isa = PBXFileReference; fileEncoding = 4; lastKnownFileType = sourcecode.c.objc; path = SaveViewController.m; sourceTree = "<group>"; };
		ED0EFE731C323BD400C9B600 /* Main.storyboard */ = {isa = PBXFileReference; fileEncoding = 4; lastKnownFileType = file.storyboard; path = Main.storyboard; sourceTree = "<group>"; };
		ED0EFE751C323C0000C9B600 /* IntroductionViewController.h */ = {isa = PBXFileReference; fileEncoding = 4; lastKnownFileType = sourcecode.c.h; path = IntroductionViewController.h; sourceTree = "<group>"; };
		ED0EFE761C323C0000C9B600 /* IntroductionViewController.m */ = {isa = PBXFileReference; fileEncoding = 4; lastKnownFileType = sourcecode.c.objc; path = IntroductionViewController.m; sourceTree = "<group>"; };
		ED0EFE791C3244BA00C9B600 /* RegisterUserViewController.h */ = {isa = PBXFileReference; fileEncoding = 4; lastKnownFileType = sourcecode.c.h; path = RegisterUserViewController.h; sourceTree = "<group>"; };
		ED0EFE7A1C3244BA00C9B600 /* RegisterUserViewController.m */ = {isa = PBXFileReference; fileEncoding = 4; lastKnownFileType = sourcecode.c.objc; path = RegisterUserViewController.m; sourceTree = "<group>"; };
		ED0EFE7D1C3244EA00C9B600 /* RegisterViews.xib */ = {isa = PBXFileReference; fileEncoding = 4; lastKnownFileType = file.xib; path = RegisterViews.xib; sourceTree = "<group>"; };
		ED0EFE7F1C32452100C9B600 /* PersonalInfoView.h */ = {isa = PBXFileReference; fileEncoding = 4; lastKnownFileType = sourcecode.c.h; path = PersonalInfoView.h; sourceTree = "<group>"; };
		ED0EFE801C32452100C9B600 /* PersonalInfoView.m */ = {isa = PBXFileReference; fileEncoding = 4; lastKnownFileType = sourcecode.c.objc; path = PersonalInfoView.m; sourceTree = "<group>"; };
		ED0EFE821C32544D00C9B600 /* profile-pic.jpg */ = {isa = PBXFileReference; lastKnownFileType = image.jpeg; path = "profile-pic.jpg"; sourceTree = "<group>"; };
		ED0EFE841C33268F00C9B600 /* FindFriendsView.h */ = {isa = PBXFileReference; fileEncoding = 4; lastKnownFileType = sourcecode.c.h; name = FindFriendsView.h; path = Assets.xcassets/FindFriendsView.h; sourceTree = "<group>"; };
		ED0EFE851C33268F00C9B600 /* FindFriendsView.m */ = {isa = PBXFileReference; fileEncoding = 4; lastKnownFileType = sourcecode.c.objc; name = FindFriendsView.m; path = Assets.xcassets/FindFriendsView.m; sourceTree = "<group>"; };
		ED0EFE881C3326B900C9B600 /* ProfilePanelView.h */ = {isa = PBXFileReference; fileEncoding = 4; lastKnownFileType = sourcecode.c.h; path = ProfilePanelView.h; sourceTree = "<group>"; };
		ED0EFE891C3326B900C9B600 /* ProfilePanelView.m */ = {isa = PBXFileReference; fileEncoding = 4; lastKnownFileType = sourcecode.c.objc; path = ProfilePanelView.m; sourceTree = "<group>"; };
		ED0EFE8B1C3326D100C9B600 /* ProfilePanelView.xib */ = {isa = PBXFileReference; fileEncoding = 4; lastKnownFileType = file.xib; path = ProfilePanelView.xib; sourceTree = "<group>"; };
		ED0EFE8F1C3327F900C9B600 /* UserModel.h */ = {isa = PBXFileReference; fileEncoding = 4; lastKnownFileType = sourcecode.c.h; path = UserModel.h; sourceTree = "<group>"; };
		ED0EFE901C3327F900C9B600 /* UserModel.m */ = {isa = PBXFileReference; fileEncoding = 4; lastKnownFileType = sourcecode.c.objc; path = UserModel.m; sourceTree = "<group>"; };
		ED0EFE921C332A1E00C9B600 /* default.png */ = {isa = PBXFileReference; lastKnownFileType = image.png; path = default.png; sourceTree = "<group>"; };
		ED0EFE951C33787D00C9B600 /* PopularPeopleView.h */ = {isa = PBXFileReference; fileEncoding = 4; lastKnownFileType = sourcecode.c.h; path = PopularPeopleView.h; sourceTree = "<group>"; };
		ED0EFE961C33787D00C9B600 /* PopularPeopleView.m */ = {isa = PBXFileReference; fileEncoding = 4; lastKnownFileType = sourcecode.c.objc; path = PopularPeopleView.m; sourceTree = "<group>"; };
		ED0F411E1C347E3500570703 /* FriendModel.h */ = {isa = PBXFileReference; fileEncoding = 4; lastKnownFileType = sourcecode.c.h; path = FriendModel.h; sourceTree = "<group>"; };
		ED0F411F1C347E3500570703 /* FriendModel.m */ = {isa = PBXFileReference; fileEncoding = 4; lastKnownFileType = sourcecode.c.objc; path = FriendModel.m; sourceTree = "<group>"; };
		ED0F41211C34821000570703 /* SignInViewController.h */ = {isa = PBXFileReference; fileEncoding = 4; lastKnownFileType = sourcecode.c.h; path = SignInViewController.h; sourceTree = "<group>"; };
		ED0F41221C34821000570703 /* SignInViewController.m */ = {isa = PBXFileReference; fileEncoding = 4; lastKnownFileType = sourcecode.c.objc; path = SignInViewController.m; sourceTree = "<group>"; };
		ED0F41241C348DA900570703 /* DBManager.h */ = {isa = PBXFileReference; fileEncoding = 4; lastKnownFileType = sourcecode.c.h; path = DBManager.h; sourceTree = "<group>"; };
		ED0F41251C348DA900570703 /* DBManager.m */ = {isa = PBXFileReference; fileEncoding = 4; lastKnownFileType = sourcecode.c.objc; path = DBManager.m; sourceTree = "<group>"; };
		ED0F41271C348E0300570703 /* libsqlite3.tbd */ = {isa = PBXFileReference; lastKnownFileType = "sourcecode.text-based-dylib-definition"; name = libsqlite3.tbd; path = usr/lib/libsqlite3.tbd; sourceTree = SDKROOT; };
		ED0F412B1C349CD200570703 /* FeedViewController.h */ = {isa = PBXFileReference; fileEncoding = 4; lastKnownFileType = sourcecode.c.h; path = FeedViewController.h; sourceTree = "<group>"; };
		ED0F412C1C349CD200570703 /* FeedViewController.m */ = {isa = PBXFileReference; fileEncoding = 4; lastKnownFileType = sourcecode.c.objc; path = FeedViewController.m; sourceTree = "<group>"; };
		ED0F412E1C349D7000570703 /* MapViewController.h */ = {isa = PBXFileReference; fileEncoding = 4; lastKnownFileType = sourcecode.c.h; path = MapViewController.h; sourceTree = "<group>"; };
		ED0F412F1C349D7000570703 /* MapViewController.m */ = {isa = PBXFileReference; fileEncoding = 4; lastKnownFileType = sourcecode.c.objc; path = MapViewController.m; sourceTree = "<group>"; };
		ED0F41311C349D7E00570703 /* PostViewController.h */ = {isa = PBXFileReference; fileEncoding = 4; lastKnownFileType = sourcecode.c.h; path = PostViewController.h; sourceTree = "<group>"; };
		ED0F41321C349D7E00570703 /* PostViewController.m */ = {isa = PBXFileReference; fileEncoding = 4; lastKnownFileType = sourcecode.c.objc; path = PostViewController.m; sourceTree = "<group>"; };
		ED0F41341C349D8700570703 /* MeViewController.h */ = {isa = PBXFileReference; fileEncoding = 4; lastKnownFileType = sourcecode.c.h; path = MeViewController.h; sourceTree = "<group>"; };
		ED0F41351C349D8800570703 /* MeViewController.m */ = {isa = PBXFileReference; fileEncoding = 4; lastKnownFileType = sourcecode.c.objc; path = MeViewController.m; sourceTree = "<group>"; };
		ED29D5421C3B534100B55985 /* intro03.jpg */ = {isa = PBXFileReference; lastKnownFileType = image.jpeg; path = intro03.jpg; sourceTree = "<group>"; };
		ED29D5441C3B534900B55985 /* intro02.jpg */ = {isa = PBXFileReference; lastKnownFileType = image.jpeg; path = intro02.jpg; sourceTree = "<group>"; };
		ED29D5461C3B534F00B55985 /* intro01.jpg */ = {isa = PBXFileReference; lastKnownFileType = image.jpeg; path = intro01.jpg; sourceTree = "<group>"; };
		ED43A6FF1C31B856008C2C79 /* SaveTest.h */ = {isa = PBXFileReference; fileEncoding = 4; lastKnownFileType = sourcecode.c.h; path = SaveTest.h; sourceTree = "<group>"; };
		ED43A7001C31B857008C2C79 /* SaveTest.m */ = {isa = PBXFileReference; fileEncoding = 4; lastKnownFileType = sourcecode.c.objc; path = SaveTest.m; sourceTree = "<group>"; };
		ED7EB0241C289442004BAF7A /* FBLA-2016.app */ = {isa = PBXFileReference; explicitFileType = wrapper.application; includeInIndex = 0; path = "FBLA-2016.app"; sourceTree = BUILT_PRODUCTS_DIR; };
		ED7EB0281C289442004BAF7A /* main.m */ = {isa = PBXFileReference; lastKnownFileType = sourcecode.c.objc; path = main.m; sourceTree = "<group>"; };
		ED7EB02A1C289442004BAF7A /* AppDelegate.h */ = {isa = PBXFileReference; lastKnownFileType = sourcecode.c.h; path = AppDelegate.h; sourceTree = "<group>"; };
		ED7EB02B1C289442004BAF7A /* AppDelegate.m */ = {isa = PBXFileReference; lastKnownFileType = sourcecode.c.objc; path = AppDelegate.m; sourceTree = "<group>"; };
		ED7EB02D1C289442004BAF7A /* LoginViewController.h */ = {isa = PBXFileReference; lastKnownFileType = sourcecode.c.h; path = LoginViewController.h; sourceTree = "<group>"; };
		ED7EB02E1C289442004BAF7A /* LoginViewController.m */ = {isa = PBXFileReference; lastKnownFileType = sourcecode.c.objc; path = LoginViewController.m; sourceTree = "<group>"; };
		ED7EB0301C289442004BAF7A /* RegisterViewController.h */ = {isa = PBXFileReference; lastKnownFileType = sourcecode.c.h; path = RegisterViewController.h; sourceTree = "<group>"; };
		ED7EB0311C289442004BAF7A /* RegisterViewController.m */ = {isa = PBXFileReference; lastKnownFileType = sourcecode.c.objc; path = RegisterViewController.m; sourceTree = "<group>"; };
		ED7EB0341C289443004BAF7A /* Base */ = {isa = PBXFileReference; lastKnownFileType = file.storyboard; name = Base; path = Base.lproj/Testing.storyboard; sourceTree = "<group>"; };
		ED7EB0361C289443004BAF7A /* Assets.xcassets */ = {isa = PBXFileReference; lastKnownFileType = folder.assetcatalog; path = Assets.xcassets; sourceTree = "<group>"; };
		ED7EB0391C289443004BAF7A /* Base */ = {isa = PBXFileReference; lastKnownFileType = file.storyboard; name = Base; path = Base.lproj/LaunchScreen.storyboard; sourceTree = "<group>"; };
		ED7EB03B1C289443004BAF7A /* Info.plist */ = {isa = PBXFileReference; lastKnownFileType = text.plist.xml; path = Info.plist; sourceTree = "<group>"; };
		ED7EB0401C289443004BAF7A /* FBLA-2016Tests.xctest */ = {isa = PBXFileReference; explicitFileType = wrapper.cfbundle; includeInIndex = 0; path = "FBLA-2016Tests.xctest"; sourceTree = BUILT_PRODUCTS_DIR; };
		ED7EB0441C289443004BAF7A /* FBLA_2016Tests.m */ = {isa = PBXFileReference; lastKnownFileType = sourcecode.c.objc; path = FBLA_2016Tests.m; sourceTree = "<group>"; };
		ED7EB0461C289444004BAF7A /* Info.plist */ = {isa = PBXFileReference; lastKnownFileType = text.plist.xml; path = Info.plist; sourceTree = "<group>"; };
		ED7EB04B1C289444004BAF7A /* FBLA-2016UITests.xctest */ = {isa = PBXFileReference; explicitFileType = wrapper.cfbundle; includeInIndex = 0; path = "FBLA-2016UITests.xctest"; sourceTree = BUILT_PRODUCTS_DIR; };
		ED7EB04F1C289444004BAF7A /* FBLA_2016UITests.m */ = {isa = PBXFileReference; lastKnownFileType = sourcecode.c.objc; path = FBLA_2016UITests.m; sourceTree = "<group>"; };
		ED7EB0511C289444004BAF7A /* Info.plist */ = {isa = PBXFileReference; lastKnownFileType = text.plist.xml; path = Info.plist; sourceTree = "<group>"; };
		ED7EB05E1C289AE6004BAF7A /* SlidingViewController.h */ = {isa = PBXFileReference; fileEncoding = 4; lastKnownFileType = sourcecode.c.h; path = SlidingViewController.h; sourceTree = "<group>"; };
		ED7EB05F1C289AE6004BAF7A /* SlidingViewController.m */ = {isa = PBXFileReference; fileEncoding = 4; lastKnownFileType = sourcecode.c.objc; path = SlidingViewController.m; sourceTree = "<group>"; };
		ED7EB0611C289AF8004BAF7A /* SlidingView.xib */ = {isa = PBXFileReference; fileEncoding = 4; lastKnownFileType = file.xib; path = SlidingView.xib; sourceTree = "<group>"; };
		ED7EB0641C28D496004BAF7A /* IntroViews.xib */ = {isa = PBXFileReference; fileEncoding = 4; lastKnownFileType = file.xib; path = IntroViews.xib; sourceTree = "<group>"; };
		ED7EB0661C28D4EA004BAF7A /* IntroViewController.h */ = {isa = PBXFileReference; fileEncoding = 4; lastKnownFileType = sourcecode.c.h; path = IntroViewController.h; sourceTree = "<group>"; };
		ED7EB0671C28D4EA004BAF7A /* IntroViewController.m */ = {isa = PBXFileReference; fileEncoding = 4; lastKnownFileType = sourcecode.c.objc; path = IntroViewController.m; sourceTree = "<group>"; };
		ED7EB06A1C28D7C4004BAF7A /* SignInMenuView.h */ = {isa = PBXFileReference; fileEncoding = 4; lastKnownFileType = sourcecode.c.h; path = SignInMenuView.h; sourceTree = "<group>"; };
		ED7EB06B1C28D7C4004BAF7A /* SignInMenuView.m */ = {isa = PBXFileReference; fileEncoding = 4; lastKnownFileType = sourcecode.c.objc; path = SignInMenuView.m; sourceTree = "<group>"; };
		ED7EB06D1C28D7D5004BAF7A /* SignInMenuView.xib */ = {isa = PBXFileReference; fileEncoding = 4; lastKnownFileType = file.xib; path = SignInMenuView.xib; sourceTree = "<group>"; };
		ED940FFE1C35B6EF00065168 /* TagView.h */ = {isa = PBXFileReference; fileEncoding = 4; lastKnownFileType = sourcecode.c.h; path = TagView.h; sourceTree = "<group>"; };
		ED940FFF1C35B6EF00065168 /* TagView.m */ = {isa = PBXFileReference; fileEncoding = 4; lastKnownFileType = sourcecode.c.objc; path = TagView.m; sourceTree = "<group>"; };
		ED9410011C35B6FC00065168 /* TagView.xib */ = {isa = PBXFileReference; fileEncoding = 4; lastKnownFileType = file.xib; path = TagView.xib; sourceTree = "<group>"; };
		ED9410041C35B80600065168 /* TagCellView.xib */ = {isa = PBXFileReference; fileEncoding = 4; lastKnownFileType = file.xib; path = TagCellView.xib; sourceTree = "<group>"; };
		ED9410061C35B81500065168 /* TagCellView.h */ = {isa = PBXFileReference; fileEncoding = 4; lastKnownFileType = sourcecode.c.h; path = TagCellView.h; sourceTree = "<group>"; };
		ED9410071C35B81500065168 /* TagCellView.m */ = {isa = PBXFileReference; fileEncoding = 4; lastKnownFileType = sourcecode.c.objc; path = TagCellView.m; sourceTree = "<group>"; };
		ED94100A1C35B85100065168 /* TagModel.h */ = {isa = PBXFileReference; fileEncoding = 4; lastKnownFileType = sourcecode.c.h; path = TagModel.h; sourceTree = "<group>"; };
		ED94100B1C35B85100065168 /* TagModel.m */ = {isa = PBXFileReference; fileEncoding = 4; lastKnownFileType = sourcecode.c.objc; path = TagModel.m; sourceTree = "<group>"; };
		ED94100E1C35BCE700065168 /* TagIconView.h */ = {isa = PBXFileReference; fileEncoding = 4; lastKnownFileType = sourcecode.c.h; path = TagIconView.h; sourceTree = "<group>"; };
		ED94100F1C35BCE700065168 /* TagIconView.m */ = {isa = PBXFileReference; fileEncoding = 4; lastKnownFileType = sourcecode.c.objc; path = TagIconView.m; sourceTree = "<group>"; };
		ED9410111C35BD3D00065168 /* TagIconView.xib */ = {isa = PBXFileReference; fileEncoding = 4; lastKnownFileType = file.xib; path = TagIconView.xib; sourceTree = "<group>"; };
		ED9410141C3701A600065168 /* ImagePostView.xib */ = {isa = PBXFileReference; fileEncoding = 4; lastKnownFileType = file.xib; path = ImagePostView.xib; sourceTree = "<group>"; };
		ED9410161C3701B900065168 /* ImagePostView.h */ = {isa = PBXFileReference; fileEncoding = 4; lastKnownFileType = sourcecode.c.h; path = ImagePostView.h; sourceTree = "<group>"; };
		ED9410171C3701B900065168 /* ImagePostView.m */ = {isa = PBXFileReference; fileEncoding = 4; lastKnownFileType = sourcecode.c.objc; path = ImagePostView.m; sourceTree = "<group>"; };
		ED94101B1C370C3100065168 /* fbla.sqlite */ = {isa = PBXFileReference; lastKnownFileType = file; path = fbla.sqlite; sourceTree = "<group>"; };
		EDB8C7BF1C38BB6800464EAB /* camera.png */ = {isa = PBXFileReference; lastKnownFileType = image.png; path = camera.png; sourceTree = "<group>"; };
		EDB8C7C11C38E2B000464EAB /* DBDump.h */ = {isa = PBXFileReference; fileEncoding = 4; lastKnownFileType = sourcecode.c.h; path = DBDump.h; sourceTree = "<group>"; };
		EDB8C7C21C38E2B100464EAB /* DBDump.m */ = {isa = PBXFileReference; fileEncoding = 4; lastKnownFileType = sourcecode.c.objc; path = DBDump.m; sourceTree = "<group>"; };
		EDCFB6A41C39DC7100C05792 /* LaunchScreenViewController.h */ = {isa = PBXFileReference; fileEncoding = 4; lastKnownFileType = sourcecode.c.h; path = LaunchScreenViewController.h; sourceTree = "<group>"; };
		EDCFB6A51C39DC7100C05792 /* LaunchScreenViewController.m */ = {isa = PBXFileReference; fileEncoding = 4; lastKnownFileType = sourcecode.c.objc; path = LaunchScreenViewController.m; sourceTree = "<group>"; };
		EDEA48DE1C34BB0E0025FDA6 /* ProfileView.h */ = {isa = PBXFileReference; fileEncoding = 4; lastKnownFileType = sourcecode.c.h; path = ProfileView.h; sourceTree = "<group>"; };
		EDEA48DF1C34BB0E0025FDA6 /* ProfileView.m */ = {isa = PBXFileReference; fileEncoding = 4; lastKnownFileType = sourcecode.c.objc; path = ProfileView.m; sourceTree = "<group>"; };
		EDEA48E31C34BB5B0025FDA6 /* ProfileView.xib */ = {isa = PBXFileReference; fileEncoding = 4; lastKnownFileType = file.xib; path = ProfileView.xib; sourceTree = "<group>"; };
		EDEA48E71C34DEE00025FDA6 /* PostModel.h */ = {isa = PBXFileReference; fileEncoding = 4; lastKnownFileType = sourcecode.c.h; path = PostModel.h; sourceTree = "<group>"; };
		EDEA48E81C34DEE00025FDA6 /* PostModel.m */ = {isa = PBXFileReference; fileEncoding = 4; lastKnownFileType = sourcecode.c.objc; path = PostModel.m; sourceTree = "<group>"; };
		EDEA48EA1C34DEF10025FDA6 /* CommentModel.h */ = {isa = PBXFileReference; fileEncoding = 4; lastKnownFileType = sourcecode.c.h; path = CommentModel.h; sourceTree = "<group>"; };
		EDEA48EB1C34DEF10025FDA6 /* CommentModel.m */ = {isa = PBXFileReference; fileEncoding = 4; lastKnownFileType = sourcecode.c.objc; path = CommentModel.m; sourceTree = "<group>"; };
		EDEA48EE1C34E0090025FDA6 /* ImagePostModel.h */ = {isa = PBXFileReference; fileEncoding = 4; lastKnownFileType = sourcecode.c.h; path = ImagePostModel.h; sourceTree = "<group>"; };
		EDEA48EF1C34E0090025FDA6 /* ImagePostModel.m */ = {isa = PBXFileReference; fileEncoding = 4; lastKnownFileType = sourcecode.c.objc; path = ImagePostModel.m; sourceTree = "<group>"; };
		EDEA48F21C34E19B0025FDA6 /* PostCellView.h */ = {isa = PBXFileReference; fileEncoding = 4; lastKnownFileType = sourcecode.c.h; path = PostCellView.h; sourceTree = "<group>"; };
		EDEA48F31C34E19B0025FDA6 /* PostCellView.m */ = {isa = PBXFileReference; fileEncoding = 4; lastKnownFileType = sourcecode.c.objc; path = PostCellView.m; sourceTree = "<group>"; };
		EDEA48F61C34E1B90025FDA6 /* PostCellView.xib */ = {isa = PBXFileReference; fileEncoding = 4; lastKnownFileType = file.xib; path = PostCellView.xib; sourceTree = "<group>"; };
		EDEA48FA1C34E2DC0025FDA6 /* RatingView.xib */ = {isa = PBXFileReference; fileEncoding = 4; lastKnownFileType = file.xib; path = RatingView.xib; sourceTree = "<group>"; };
		EDEA48FC1C34E2EB0025FDA6 /* RatingView.h */ = {isa = PBXFileReference; fileEncoding = 4; lastKnownFileType = sourcecode.c.h; path = RatingView.h; sourceTree = "<group>"; };
		EDEA48FD1C34E2EB0025FDA6 /* RatingView.m */ = {isa = PBXFileReference; fileEncoding = 4; lastKnownFileType = sourcecode.c.objc; path = RatingView.m; sourceTree = "<group>"; };
		EDEA49001C34E3000025FDA6 /* RatingModel.h */ = {isa = PBXFileReference; fileEncoding = 4; lastKnownFileType = sourcecode.c.h; path = RatingModel.h; sourceTree = "<group>"; };
		EDEA49011C34E3000025FDA6 /* RatingModel.m */ = {isa = PBXFileReference; fileEncoding = 4; lastKnownFileType = sourcecode.c.objc; path = RatingModel.m; sourceTree = "<group>"; };
		EDEA49041C34EBF20025FDA6 /* CommentCellView.h */ = {isa = PBXFileReference; fileEncoding = 4; lastKnownFileType = sourcecode.c.h; path = CommentCellView.h; sourceTree = "<group>"; };
		EDEA49051C34EBF20025FDA6 /* CommentCellView.m */ = {isa = PBXFileReference; fileEncoding = 4; lastKnownFileType = sourcecode.c.objc; path = CommentCellView.m; sourceTree = "<group>"; };
		EDEA49071C34EC400025FDA6 /* CommentCellView.xib */ = {isa = PBXFileReference; fileEncoding = 4; lastKnownFileType = file.xib; path = CommentCellView.xib; sourceTree = "<group>"; };
		EDEA490A1C34F2920025FDA6 /* PostView.xib */ = {isa = PBXFileReference; fileEncoding = 4; lastKnownFileType = file.xib; path = PostView.xib; sourceTree = "<group>"; };
		EDEA490C1C34F2A20025FDA6 /* PostView.h */ = {isa = PBXFileReference; fileEncoding = 4; lastKnownFileType = sourcecode.c.h; path = PostView.h; sourceTree = "<group>"; };
		EDEA490D1C34F2A20025FDA6 /* PostView.m */ = {isa = PBXFileReference; fileEncoding = 4; lastKnownFileType = sourcecode.c.objc; path = PostView.m; sourceTree = "<group>"; };
/* End PBXFileReference section */

/* Begin PBXFrameworksBuildPhase section */
		ED7EB0211C289441004BAF7A /* Frameworks */ = {
			isa = PBXFrameworksBuildPhase;
			buildActionMask = 2147483647;
			files = (
				ED0F41281C348E0300570703 /* libsqlite3.tbd in Frameworks */,
			);
			runOnlyForDeploymentPostprocessing = 0;
		};
		ED7EB03D1C289443004BAF7A /* Frameworks */ = {
			isa = PBXFrameworksBuildPhase;
			buildActionMask = 2147483647;
			files = (
			);
			runOnlyForDeploymentPostprocessing = 0;
		};
		ED7EB0481C289444004BAF7A /* Frameworks */ = {
			isa = PBXFrameworksBuildPhase;
			buildActionMask = 2147483647;
			files = (
			);
			runOnlyForDeploymentPostprocessing = 0;
		};
/* End PBXFrameworksBuildPhase section */

/* Begin PBXGroup section */
		ED0EFE721C323B2F00C9B600 /* Testing View Controllers */ = {
			isa = PBXGroup;
			children = (
				ED7EB0331C289443004BAF7A /* Testing.storyboard */,
				ED7EB02D1C289442004BAF7A /* LoginViewController.h */,
				ED7EB02E1C289442004BAF7A /* LoginViewController.m */,
				ED7EB0301C289442004BAF7A /* RegisterViewController.h */,
				ED7EB0311C289442004BAF7A /* RegisterViewController.m */,
				ED0EFE6F1C31F34400C9B600 /* SaveViewController.h */,
				ED0EFE701C31F34400C9B600 /* SaveViewController.m */,
				ED43A6FF1C31B856008C2C79 /* SaveTest.h */,
				ED43A7001C31B857008C2C79 /* SaveTest.m */,
			);
			name = "Testing View Controllers";
			sourceTree = "<group>";
		};
		ED0EFE781C323C2000C9B600 /* View Controllers */ = {
			isa = PBXGroup;
			children = (
				ED0EFE731C323BD400C9B600 /* Main.storyboard */,
				ED0F412A1C349CB900570703 /* Home */,
				ED0F41291C349CB200570703 /* UserControl */,
			);
			name = "View Controllers";
			sourceTree = "<group>";
		};
		ED0EFE7C1C3244C100C9B600 /* RegisterViews */ = {
			isa = PBXGroup;
			children = (
				ED0EFE7D1C3244EA00C9B600 /* RegisterViews.xib */,
				ED0EFE7F1C32452100C9B600 /* PersonalInfoView.h */,
				ED0EFE801C32452100C9B600 /* PersonalInfoView.m */,
				ED0EFE841C33268F00C9B600 /* FindFriendsView.h */,
				ED0EFE851C33268F00C9B600 /* FindFriendsView.m */,
				ED0EFE951C33787D00C9B600 /* PopularPeopleView.h */,
				ED0EFE961C33787D00C9B600 /* PopularPeopleView.m */,
			);
			name = RegisterViews;
			sourceTree = "<group>";
		};
		ED0EFE871C33269900C9B600 /* ProfilePanelView */ = {
			isa = PBXGroup;
			children = (
				ED0EFE881C3326B900C9B600 /* ProfilePanelView.h */,
				ED0EFE891C3326B900C9B600 /* ProfilePanelView.m */,
				ED0EFE8B1C3326D100C9B600 /* ProfilePanelView.xib */,
			);
			name = ProfilePanelView;
			sourceTree = "<group>";
		};
		ED0EFE8D1C3327D700C9B600 /* Models */ = {
			isa = PBXGroup;
			children = (
				ED9410091C35B83E00065168 /* TagModel */,
				EDEA48FF1C34E2F20025FDA6 /* RatingModel */,
				EDEA48ED1C34DFF80025FDA6 /* ImagePostModel */,
				EDEA48E61C34DEC80025FDA6 /* CommentModel */,
				EDEA48E51C34DEBA0025FDA6 /* PostModel */,
				ED0F411C1C347E0300570703 /* FriendModel */,
				ED0EFE8E1C3327E100C9B600 /* UserModel */,
			);
			name = Models;
			sourceTree = "<group>";
		};
		ED0EFE8E1C3327E100C9B600 /* UserModel */ = {
			isa = PBXGroup;
			children = (
				ED0EFE8F1C3327F900C9B600 /* UserModel.h */,
				ED0EFE901C3327F900C9B600 /* UserModel.m */,
			);
			name = UserModel;
			sourceTree = "<group>";
		};
		ED0EFE941C332CB800C9B600 /* Parsers */ = {
			isa = PBXGroup;
			children = (
				EDB8C7C11C38E2B000464EAB /* DBDump.h */,
				EDB8C7C21C38E2B100464EAB /* DBDump.m */,
			);
			name = Parsers;
			sourceTree = "<group>";
		};
		ED0F411C1C347E0300570703 /* FriendModel */ = {
			isa = PBXGroup;
			children = (
				ED0F411E1C347E3500570703 /* FriendModel.h */,
				ED0F411F1C347E3500570703 /* FriendModel.m */,
			);
			name = FriendModel;
			sourceTree = "<group>";
		};
		ED0F41291C349CB200570703 /* UserControl */ = {
			isa = PBXGroup;
			children = (
				ED0EFE751C323C0000C9B600 /* IntroductionViewController.h */,
				ED0EFE761C323C0000C9B600 /* IntroductionViewController.m */,
				ED0EFE791C3244BA00C9B600 /* RegisterUserViewController.h */,
				ED0EFE7A1C3244BA00C9B600 /* RegisterUserViewController.m */,
				ED0F41211C34821000570703 /* SignInViewController.h */,
				ED0F41221C34821000570703 /* SignInViewController.m */,
			);
			name = UserControl;
			sourceTree = "<group>";
		};
		ED0F412A1C349CB900570703 /* Home */ = {
			isa = PBXGroup;
			children = (
				ED0F412B1C349CD200570703 /* FeedViewController.h */,
				ED0F412C1C349CD200570703 /* FeedViewController.m */,
				ED0F412E1C349D7000570703 /* MapViewController.h */,
				ED0F412F1C349D7000570703 /* MapViewController.m */,
				ED0F41311C349D7E00570703 /* PostViewController.h */,
				ED0F41321C349D7E00570703 /* PostViewController.m */,
				ED0F41341C349D8700570703 /* MeViewController.h */,
				ED0F41351C349D8800570703 /* MeViewController.m */,
			);
			name = Home;
			sourceTree = "<group>";
		};
		ED7EB01B1C289441004BAF7A = {
			isa = PBXGroup;
			children = (
				ED0F41271C348E0300570703 /* libsqlite3.tbd */,
				ED7EB0261C289442004BAF7A /* FBLA-2016 */,
				ED7EB0431C289443004BAF7A /* FBLA-2016Tests */,
				ED7EB04E1C289444004BAF7A /* FBLA-2016UITests */,
				ED7EB0251C289442004BAF7A /* Products */,
			);
			sourceTree = "<group>";
		};
		ED7EB0251C289442004BAF7A /* Products */ = {
			isa = PBXGroup;
			children = (
				ED7EB0241C289442004BAF7A /* FBLA-2016.app */,
				ED7EB0401C289443004BAF7A /* FBLA-2016Tests.xctest */,
				ED7EB04B1C289444004BAF7A /* FBLA-2016UITests.xctest */,
			);
			name = Products;
			sourceTree = "<group>";
		};
		ED7EB0261C289442004BAF7A /* FBLA-2016 */ = {
			isa = PBXGroup;
			children = (
				ED94101B1C370C3100065168 /* fbla.sqlite */,
				ED0EFE941C332CB800C9B600 /* Parsers */,
				ED0EFE8D1C3327D700C9B600 /* Models */,
				ED0EFE871C33269900C9B600 /* ProfilePanelView */,
				ED0EFE921C332A1E00C9B600 /* default.png */,
				EDB8C7BF1C38BB6800464EAB /* camera.png */,
				ED0EFE821C32544D00C9B600 /* profile-pic.jpg */,
				ED29D5461C3B534F00B55985 /* intro01.jpg */,
				ED29D5441C3B534900B55985 /* intro02.jpg */,
				ED29D5421C3B534100B55985 /* intro03.jpg */,
				ED7EB0691C28D739004BAF7A /* Sign In Menu */,
				ED7EB0631C28D475004BAF7A /* IntroViews */,
				ED7EB05D1C289AB2004BAF7A /* SlidingViewController */,
				ED7EB02A1C289442004BAF7A /* AppDelegate.h */,
				ED7EB02B1C289442004BAF7A /* AppDelegate.m */,
				ED0EFE721C323B2F00C9B600 /* Testing View Controllers */,
				ED7EB0361C289443004BAF7A /* Assets.xcassets */,
				ED7EB0381C289443004BAF7A /* LaunchScreen.storyboard */,
				ED7EB03B1C289443004BAF7A /* Info.plist */,
				ED7EB0271C289442004BAF7A /* Supporting Files */,
				ED0EFE781C323C2000C9B600 /* View Controllers */,
				ED0F41241C348DA900570703 /* DBManager.h */,
				ED0F41251C348DA900570703 /* DBManager.m */,
				EDEA48F81C34E2820025FDA6 /* Views */,
				EDCFB6A41C39DC7100C05792 /* LaunchScreenViewController.h */,
				EDCFB6A51C39DC7100C05792 /* LaunchScreenViewController.m */,
			);
			path = "FBLA-2016";
			sourceTree = "<group>";
		};
		ED7EB0271C289442004BAF7A /* Supporting Files */ = {
			isa = PBXGroup;
			children = (
				ED7EB0281C289442004BAF7A /* main.m */,
			);
			name = "Supporting Files";
			sourceTree = "<group>";
		};
		ED7EB0431C289443004BAF7A /* FBLA-2016Tests */ = {
			isa = PBXGroup;
			children = (
				ED7EB0441C289443004BAF7A /* FBLA_2016Tests.m */,
				ED7EB0461C289444004BAF7A /* Info.plist */,
			);
			path = "FBLA-2016Tests";
			sourceTree = "<group>";
		};
		ED7EB04E1C289444004BAF7A /* FBLA-2016UITests */ = {
			isa = PBXGroup;
			children = (
				ED7EB04F1C289444004BAF7A /* FBLA_2016UITests.m */,
				ED7EB0511C289444004BAF7A /* Info.plist */,
			);
			path = "FBLA-2016UITests";
			sourceTree = "<group>";
		};
		ED7EB05D1C289AB2004BAF7A /* SlidingViewController */ = {
			isa = PBXGroup;
			children = (
				ED7EB05E1C289AE6004BAF7A /* SlidingViewController.h */,
				ED7EB05F1C289AE6004BAF7A /* SlidingViewController.m */,
				ED7EB0611C289AF8004BAF7A /* SlidingView.xib */,
			);
			name = SlidingViewController;
			sourceTree = "<group>";
		};
		ED7EB0631C28D475004BAF7A /* IntroViews */ = {
			isa = PBXGroup;
			children = (
				ED7EB0641C28D496004BAF7A /* IntroViews.xib */,
				ED7EB0661C28D4EA004BAF7A /* IntroViewController.h */,
				ED7EB0671C28D4EA004BAF7A /* IntroViewController.m */,
			);
			name = IntroViews;
			sourceTree = "<group>";
		};
		ED7EB0691C28D739004BAF7A /* Sign In Menu */ = {
			isa = PBXGroup;
			children = (
				ED7EB06A1C28D7C4004BAF7A /* SignInMenuView.h */,
				ED7EB06B1C28D7C4004BAF7A /* SignInMenuView.m */,
				ED7EB06D1C28D7D5004BAF7A /* SignInMenuView.xib */,
			);
			name = "Sign In Menu";
			sourceTree = "<group>";
		};
		ED940FFD1C35B6CA00065168 /* TagView */ = {
			isa = PBXGroup;
			children = (
				ED940FFE1C35B6EF00065168 /* TagView.h */,
				ED940FFF1C35B6EF00065168 /* TagView.m */,
				ED9410011C35B6FC00065168 /* TagView.xib */,
			);
			name = TagView;
			sourceTree = "<group>";
		};
		ED9410031C35B7F300065168 /* TagCellView */ = {
			isa = PBXGroup;
			children = (
				ED9410041C35B80600065168 /* TagCellView.xib */,
				ED9410061C35B81500065168 /* TagCellView.h */,
				ED9410071C35B81500065168 /* TagCellView.m */,
			);
			name = TagCellView;
			sourceTree = "<group>";
		};
		ED9410091C35B83E00065168 /* TagModel */ = {
			isa = PBXGroup;
			children = (
				ED94100A1C35B85100065168 /* TagModel.h */,
				ED94100B1C35B85100065168 /* TagModel.m */,
			);
			name = TagModel;
			sourceTree = "<group>";
		};
		ED94100D1C35BCCB00065168 /* TagIconView */ = {
			isa = PBXGroup;
			children = (
				ED94100E1C35BCE700065168 /* TagIconView.h */,
				ED94100F1C35BCE700065168 /* TagIconView.m */,
				ED9410111C35BD3D00065168 /* TagIconView.xib */,
			);
			name = TagIconView;
			sourceTree = "<group>";
		};
		ED9410131C37019600065168 /* ImagePostView */ = {
			isa = PBXGroup;
			children = (
				ED9410141C3701A600065168 /* ImagePostView.xib */,
				ED9410161C3701B900065168 /* ImagePostView.h */,
				ED9410171C3701B900065168 /* ImagePostView.m */,
			);
			name = ImagePostView;
			sourceTree = "<group>";
		};
		EDEA48E21C34BB470025FDA6 /* ProfileView */ = {
			isa = PBXGroup;
			children = (
				EDEA48DE1C34BB0E0025FDA6 /* ProfileView.h */,
				EDEA48DF1C34BB0E0025FDA6 /* ProfileView.m */,
				EDEA48E31C34BB5B0025FDA6 /* ProfileView.xib */,
			);
			name = ProfileView;
			sourceTree = "<group>";
		};
		EDEA48E51C34DEBA0025FDA6 /* PostModel */ = {
			isa = PBXGroup;
			children = (
				EDEA48E71C34DEE00025FDA6 /* PostModel.h */,
				EDEA48E81C34DEE00025FDA6 /* PostModel.m */,
			);
			name = PostModel;
			sourceTree = "<group>";
		};
		EDEA48E61C34DEC80025FDA6 /* CommentModel */ = {
			isa = PBXGroup;
			children = (
				EDEA48EA1C34DEF10025FDA6 /* CommentModel.h */,
				EDEA48EB1C34DEF10025FDA6 /* CommentModel.m */,
			);
			name = CommentModel;
			sourceTree = "<group>";
		};
		EDEA48ED1C34DFF80025FDA6 /* ImagePostModel */ = {
			isa = PBXGroup;
			children = (
				EDEA48EE1C34E0090025FDA6 /* ImagePostModel.h */,
				EDEA48EF1C34E0090025FDA6 /* ImagePostModel.m */,
			);
			name = ImagePostModel;
			sourceTree = "<group>";
		};
		EDEA48F51C34E1A30025FDA6 /* PostCellView */ = {
			isa = PBXGroup;
			children = (
				EDEA48F21C34E19B0025FDA6 /* PostCellView.h */,
				EDEA48F31C34E19B0025FDA6 /* PostCellView.m */,
				EDEA48F61C34E1B90025FDA6 /* PostCellView.xib */,
			);
			name = PostCellView;
			sourceTree = "<group>";
		};
		EDEA48F81C34E2820025FDA6 /* Views */ = {
			isa = PBXGroup;
			children = (
				ED0EFE7C1C3244C100C9B600 /* RegisterViews */,
				EDEA490F1C34F3910025FDA6 /* Cells */,
				ED9410131C37019600065168 /* ImagePostView */,
				ED94100D1C35BCCB00065168 /* TagIconView */,
				ED940FFD1C35B6CA00065168 /* TagView */,
				EDEA49091C34F2860025FDA6 /* PostView */,
				EDEA48F91C34E2CF0025FDA6 /* RatingView */,
				EDEA48E21C34BB470025FDA6 /* ProfileView */,
			);
			name = Views;
			sourceTree = "<group>";
		};
		EDEA48F91C34E2CF0025FDA6 /* RatingView */ = {
			isa = PBXGroup;
			children = (
				EDEA48FA1C34E2DC0025FDA6 /* RatingView.xib */,
				EDEA48FC1C34E2EB0025FDA6 /* RatingView.h */,
				EDEA48FD1C34E2EB0025FDA6 /* RatingView.m */,
			);
			name = RatingView;
			sourceTree = "<group>";
		};
		EDEA48FF1C34E2F20025FDA6 /* RatingModel */ = {
			isa = PBXGroup;
			children = (
				EDEA49001C34E3000025FDA6 /* RatingModel.h */,
				EDEA49011C34E3000025FDA6 /* RatingModel.m */,
			);
			name = RatingModel;
			sourceTree = "<group>";
		};
		EDEA49031C34EBD80025FDA6 /* CommentCellView */ = {
			isa = PBXGroup;
			children = (
				EDEA49041C34EBF20025FDA6 /* CommentCellView.h */,
				EDEA49051C34EBF20025FDA6 /* CommentCellView.m */,
				EDEA49071C34EC400025FDA6 /* CommentCellView.xib */,
			);
			name = CommentCellView;
			sourceTree = "<group>";
		};
		EDEA49091C34F2860025FDA6 /* PostView */ = {
			isa = PBXGroup;
			children = (
				EDEA490A1C34F2920025FDA6 /* PostView.xib */,
				EDEA490C1C34F2A20025FDA6 /* PostView.h */,
				EDEA490D1C34F2A20025FDA6 /* PostView.m */,
			);
			name = PostView;
			sourceTree = "<group>";
		};
		EDEA490F1C34F3910025FDA6 /* Cells */ = {
			isa = PBXGroup;
			children = (
				ED9410031C35B7F300065168 /* TagCellView */,
				EDEA48F51C34E1A30025FDA6 /* PostCellView */,
				EDEA49031C34EBD80025FDA6 /* CommentCellView */,
			);
			name = Cells;
			sourceTree = "<group>";
		};
/* End PBXGroup section */

/* Begin PBXNativeTarget section */
		ED7EB0231C289441004BAF7A /* FBLA-2016 */ = {
			isa = PBXNativeTarget;
			buildConfigurationList = ED7EB0541C289444004BAF7A /* Build configuration list for PBXNativeTarget "FBLA-2016" */;
			buildPhases = (
				ED7EB0201C289441004BAF7A /* Sources */,
				ED7EB0211C289441004BAF7A /* Frameworks */,
				ED7EB0221C289441004BAF7A /* Resources */,
			);
			buildRules = (
			);
			dependencies = (
			);
			name = "FBLA-2016";
			productName = "FBLA-2016";
			productReference = ED7EB0241C289442004BAF7A /* FBLA-2016.app */;
			productType = "com.apple.product-type.application";
		};
		ED7EB03F1C289443004BAF7A /* FBLA-2016Tests */ = {
			isa = PBXNativeTarget;
			buildConfigurationList = ED7EB0571C289444004BAF7A /* Build configuration list for PBXNativeTarget "FBLA-2016Tests" */;
			buildPhases = (
				ED7EB03C1C289443004BAF7A /* Sources */,
				ED7EB03D1C289443004BAF7A /* Frameworks */,
				ED7EB03E1C289443004BAF7A /* Resources */,
			);
			buildRules = (
			);
			dependencies = (
				ED7EB0421C289443004BAF7A /* PBXTargetDependency */,
			);
			name = "FBLA-2016Tests";
			productName = "FBLA-2016Tests";
			productReference = ED7EB0401C289443004BAF7A /* FBLA-2016Tests.xctest */;
			productType = "com.apple.product-type.bundle.unit-test";
		};
		ED7EB04A1C289444004BAF7A /* FBLA-2016UITests */ = {
			isa = PBXNativeTarget;
			buildConfigurationList = ED7EB05A1C289444004BAF7A /* Build configuration list for PBXNativeTarget "FBLA-2016UITests" */;
			buildPhases = (
				ED7EB0471C289444004BAF7A /* Sources */,
				ED7EB0481C289444004BAF7A /* Frameworks */,
				ED7EB0491C289444004BAF7A /* Resources */,
			);
			buildRules = (
			);
			dependencies = (
				ED7EB04D1C289444004BAF7A /* PBXTargetDependency */,
			);
			name = "FBLA-2016UITests";
			productName = "FBLA-2016UITests";
			productReference = ED7EB04B1C289444004BAF7A /* FBLA-2016UITests.xctest */;
			productType = "com.apple.product-type.bundle.ui-testing";
		};
/* End PBXNativeTarget section */

/* Begin PBXProject section */
		ED7EB01C1C289441004BAF7A /* Project object */ = {
			isa = PBXProject;
			attributes = {
				LastUpgradeCheck = 0720;
				ORGANIZATIONNAME = "David Kopala";
				TargetAttributes = {
					ED7EB0231C289441004BAF7A = {
						CreatedOnToolsVersion = 7.2;
						DevelopmentTeam = GJXXRYA9GQ;
					};
					ED7EB03F1C289443004BAF7A = {
						CreatedOnToolsVersion = 7.2;
						TestTargetID = ED7EB0231C289441004BAF7A;
					};
					ED7EB04A1C289444004BAF7A = {
						CreatedOnToolsVersion = 7.2;
						TestTargetID = ED7EB0231C289441004BAF7A;
					};
				};
			};
			buildConfigurationList = ED7EB01F1C289441004BAF7A /* Build configuration list for PBXProject "FBLA-2016" */;
			compatibilityVersion = "Xcode 3.2";
			developmentRegion = English;
			hasScannedForEncodings = 0;
			knownRegions = (
				en,
				Base,
			);
			mainGroup = ED7EB01B1C289441004BAF7A;
			productRefGroup = ED7EB0251C289442004BAF7A /* Products */;
			projectDirPath = "";
			projectRoot = "";
			targets = (
				ED7EB0231C289441004BAF7A /* FBLA-2016 */,
				ED7EB03F1C289443004BAF7A /* FBLA-2016Tests */,
				ED7EB04A1C289444004BAF7A /* FBLA-2016UITests */,
			);
		};
/* End PBXProject section */

/* Begin PBXResourcesBuildPhase section */
		ED7EB0221C289441004BAF7A /* Resources */ = {
			isa = PBXResourcesBuildPhase;
			buildActionMask = 2147483647;
			files = (
				EDB8C7C01C38BB6800464EAB /* camera.png in Resources */,
				ED0EFE741C323BD400C9B600 /* Main.storyboard in Resources */,
				ED9410051C35B80600065168 /* TagCellView.xib in Resources */,
				ED7EB03A1C289443004BAF7A /* LaunchScreen.storyboard in Resources */,
				EDEA48F71C34E1B90025FDA6 /* PostCellView.xib in Resources */,
				ED7EB0621C289AF8004BAF7A /* SlidingView.xib in Resources */,
				ED29D5431C3B534100B55985 /* intro03.jpg in Resources */,
				ED0EFE8C1C3326D100C9B600 /* ProfilePanelView.xib in Resources */,
				ED29D5451C3B534900B55985 /* intro02.jpg in Resources */,
				ED9410021C35B6FC00065168 /* TagView.xib in Resources */,
				EDEA49081C34EC400025FDA6 /* CommentCellView.xib in Resources */,
				ED0EFE931C332A1E00C9B600 /* default.png in Resources */,
				ED0EFE831C32544E00C9B600 /* profile-pic.jpg in Resources */,
				ED9410121C35BD3D00065168 /* TagIconView.xib in Resources */,
				ED94101C1C370C3100065168 /* fbla.sqlite in Resources */,
				ED7EB0371C289443004BAF7A /* Assets.xcassets in Resources */,
				ED7EB0651C28D496004BAF7A /* IntroViews.xib in Resources */,
				EDEA48E41C34BB5B0025FDA6 /* ProfileView.xib in Resources */,
				ED0EFE7E1C3244EA00C9B600 /* RegisterViews.xib in Resources */,
				EDEA48FB1C34E2DC0025FDA6 /* RatingView.xib in Resources */,
				ED9410151C3701A600065168 /* ImagePostView.xib in Resources */,
				ED29D5471C3B534F00B55985 /* intro01.jpg in Resources */,
				ED7EB0351C289443004BAF7A /* Testing.storyboard in Resources */,
				EDEA490B1C34F2920025FDA6 /* PostView.xib in Resources */,
				ED7EB06E1C28D7D5004BAF7A /* SignInMenuView.xib in Resources */,
			);
			runOnlyForDeploymentPostprocessing = 0;
		};
		ED7EB03E1C289443004BAF7A /* Resources */ = {
			isa = PBXResourcesBuildPhase;
			buildActionMask = 2147483647;
			files = (
			);
			runOnlyForDeploymentPostprocessing = 0;
		};
		ED7EB0491C289444004BAF7A /* Resources */ = {
			isa = PBXResourcesBuildPhase;
			buildActionMask = 2147483647;
			files = (
			);
			runOnlyForDeploymentPostprocessing = 0;
		};
/* End PBXResourcesBuildPhase section */

/* Begin PBXSourcesBuildPhase section */
		ED7EB0201C289441004BAF7A /* Sources */ = {
			isa = PBXSourcesBuildPhase;
			buildActionMask = 2147483647;
			files = (
				ED0EFE811C32452100C9B600 /* PersonalInfoView.m in Sources */,
				ED0EFE971C33787E00C9B600 /* PopularPeopleView.m in Sources */,
				EDEA48F41C34E19B0025FDA6 /* PostCellView.m in Sources */,
				ED0EFE8A1C3326B900C9B600 /* ProfilePanelView.m in Sources */,
				ED7EB0321C289442004BAF7A /* RegisterViewController.m in Sources */,
				EDEA48E01C34BB0E0025FDA6 /* ProfileView.m in Sources */,
				EDEA490E1C34F2A20025FDA6 /* PostView.m in Sources */,
				ED7EB06C1C28D7C4004BAF7A /* SignInMenuView.m in Sources */,
				ED94100C1C35B85100065168 /* TagModel.m in Sources */,
				ED7EB0681C28D4EA004BAF7A /* IntroViewController.m in Sources */,
				EDEA48EC1C34DEF10025FDA6 /* CommentModel.m in Sources */,
				EDCFB6A61C39DC7100C05792 /* LaunchScreenViewController.m in Sources */,
				EDEA48F01C34E0090025FDA6 /* ImagePostModel.m in Sources */,
				ED9410081C35B81500065168 /* TagCellView.m in Sources */,
				EDEA49021C34E3000025FDA6 /* RatingModel.m in Sources */,
				ED9410001C35B6EF00065168 /* TagView.m in Sources */,
				ED0F41301C349D7000570703 /* MapViewController.m in Sources */,
				ED9410101C35BCE700065168 /* TagIconView.m in Sources */,
				ED0F412D1C349CD200570703 /* FeedViewController.m in Sources */,
				ED0F41331C349D7E00570703 /* PostViewController.m in Sources */,
				ED7EB02C1C289442004BAF7A /* AppDelegate.m in Sources */,
				ED9410181C3701B900065168 /* ImagePostView.m in Sources */,
				ED0EFE861C33268F00C9B600 /* FindFriendsView.m in Sources */,
				ED0F41261C348DA900570703 /* DBManager.m in Sources */,
				ED43A7011C31B857008C2C79 /* SaveTest.m in Sources */,
				ED0EFE711C31F34400C9B600 /* SaveViewController.m in Sources */,
				ED0F41361C349D8800570703 /* MeViewController.m in Sources */,
				ED0EFE771C323C0000C9B600 /* IntroductionViewController.m in Sources */,
				EDEA49061C34EBF20025FDA6 /* CommentCellView.m in Sources */,
				ED7EB02F1C289442004BAF7A /* LoginViewController.m in Sources */,
				ED0EFE911C3327F900C9B600 /* UserModel.m in Sources */,
				ED0EFE7B1C3244BA00C9B600 /* RegisterUserViewController.m in Sources */,
				ED0F41201C347E3500570703 /* FriendModel.m in Sources */,
				EDEA48E91C34DEE00025FDA6 /* PostModel.m in Sources */,
				EDB8C7C31C38E2B100464EAB /* DBDump.m in Sources */,
				ED7EB0291C289442004BAF7A /* main.m in Sources */,
				ED0F41231C34821000570703 /* SignInViewController.m in Sources */,
				ED7EB0601C289AE6004BAF7A /* SlidingViewController.m in Sources */,
				EDEA48FE1C34E2EB0025FDA6 /* RatingView.m in Sources */,
			);
			runOnlyForDeploymentPostprocessing = 0;
		};
		ED7EB03C1C289443004BAF7A /* Sources */ = {
			isa = PBXSourcesBuildPhase;
			buildActionMask = 2147483647;
			files = (
				ED7EB0451C289444004BAF7A /* FBLA_2016Tests.m in Sources */,
			);
			runOnlyForDeploymentPostprocessing = 0;
		};
		ED7EB0471C289444004BAF7A /* Sources */ = {
			isa = PBXSourcesBuildPhase;
			buildActionMask = 2147483647;
			files = (
				ED7EB0501C289444004BAF7A /* FBLA_2016UITests.m in Sources */,
			);
			runOnlyForDeploymentPostprocessing = 0;
		};
/* End PBXSourcesBuildPhase section */

/* Begin PBXTargetDependency section */
		ED7EB0421C289443004BAF7A /* PBXTargetDependency */ = {
			isa = PBXTargetDependency;
			target = ED7EB0231C289441004BAF7A /* FBLA-2016 */;
			targetProxy = ED7EB0411C289443004BAF7A /* PBXContainerItemProxy */;
		};
		ED7EB04D1C289444004BAF7A /* PBXTargetDependency */ = {
			isa = PBXTargetDependency;
			target = ED7EB0231C289441004BAF7A /* FBLA-2016 */;
			targetProxy = ED7EB04C1C289444004BAF7A /* PBXContainerItemProxy */;
		};
/* End PBXTargetDependency section */

/* Begin PBXVariantGroup section */
		ED7EB0331C289443004BAF7A /* Testing.storyboard */ = {
			isa = PBXVariantGroup;
			children = (
				ED7EB0341C289443004BAF7A /* Base */,
			);
			name = Testing.storyboard;
			sourceTree = "<group>";
		};
		ED7EB0381C289443004BAF7A /* LaunchScreen.storyboard */ = {
			isa = PBXVariantGroup;
			children = (
				ED7EB0391C289443004BAF7A /* Base */,
			);
			name = LaunchScreen.storyboard;
			sourceTree = "<group>";
		};
/* End PBXVariantGroup section */

/* Begin XCBuildConfiguration section */
		ED7EB0521C289444004BAF7A /* Debug */ = {
			isa = XCBuildConfiguration;
			buildSettings = {
				ALWAYS_SEARCH_USER_PATHS = NO;
				CLANG_CXX_LANGUAGE_STANDARD = "gnu++0x";
				CLANG_CXX_LIBRARY = "libc++";
				CLANG_ENABLE_MODULES = YES;
				CLANG_ENABLE_OBJC_ARC = YES;
				CLANG_WARN_BOOL_CONVERSION = YES;
				CLANG_WARN_CONSTANT_CONVERSION = YES;
				CLANG_WARN_DIRECT_OBJC_ISA_USAGE = YES_ERROR;
				CLANG_WARN_EMPTY_BODY = YES;
				CLANG_WARN_ENUM_CONVERSION = YES;
				CLANG_WARN_INT_CONVERSION = YES;
				CLANG_WARN_OBJC_ROOT_CLASS = YES_ERROR;
				CLANG_WARN_UNREACHABLE_CODE = YES;
				CLANG_WARN__DUPLICATE_METHOD_MATCH = YES;
				"CODE_SIGN_IDENTITY[sdk=iphoneos*]" = "iPhone Developer";
				COPY_PHASE_STRIP = NO;
				DEBUG_INFORMATION_FORMAT = dwarf;
				ENABLE_STRICT_OBJC_MSGSEND = YES;
				ENABLE_TESTABILITY = YES;
				GCC_C_LANGUAGE_STANDARD = gnu99;
				GCC_DYNAMIC_NO_PIC = NO;
				GCC_NO_COMMON_BLOCKS = YES;
				GCC_OPTIMIZATION_LEVEL = 0;
				GCC_PREPROCESSOR_DEFINITIONS = (
					"DEBUG=1",
					"$(inherited)",
				);
				GCC_WARN_64_TO_32_BIT_CONVERSION = YES;
				GCC_WARN_ABOUT_RETURN_TYPE = YES_ERROR;
				GCC_WARN_UNDECLARED_SELECTOR = YES;
				GCC_WARN_UNINITIALIZED_AUTOS = YES_AGGRESSIVE;
				GCC_WARN_UNUSED_FUNCTION = YES;
				GCC_WARN_UNUSED_VARIABLE = YES;
				IPHONEOS_DEPLOYMENT_TARGET = 9.2;
				MTL_ENABLE_DEBUG_INFO = YES;
				ONLY_ACTIVE_ARCH = YES;
				SDKROOT = iphoneos;
			};
			name = Debug;
		};
		ED7EB0531C289444004BAF7A /* Release */ = {
			isa = XCBuildConfiguration;
			buildSettings = {
				ALWAYS_SEARCH_USER_PATHS = NO;
				CLANG_CXX_LANGUAGE_STANDARD = "gnu++0x";
				CLANG_CXX_LIBRARY = "libc++";
				CLANG_ENABLE_MODULES = YES;
				CLANG_ENABLE_OBJC_ARC = YES;
				CLANG_WARN_BOOL_CONVERSION = YES;
				CLANG_WARN_CONSTANT_CONVERSION = YES;
				CLANG_WARN_DIRECT_OBJC_ISA_USAGE = YES_ERROR;
				CLANG_WARN_EMPTY_BODY = YES;
				CLANG_WARN_ENUM_CONVERSION = YES;
				CLANG_WARN_INT_CONVERSION = YES;
				CLANG_WARN_OBJC_ROOT_CLASS = YES_ERROR;
				CLANG_WARN_UNREACHABLE_CODE = YES;
				CLANG_WARN__DUPLICATE_METHOD_MATCH = YES;
				"CODE_SIGN_IDENTITY[sdk=iphoneos*]" = "iPhone Developer";
				COPY_PHASE_STRIP = NO;
				DEBUG_INFORMATION_FORMAT = "dwarf-with-dsym";
				ENABLE_NS_ASSERTIONS = NO;
				ENABLE_STRICT_OBJC_MSGSEND = YES;
				GCC_C_LANGUAGE_STANDARD = gnu99;
				GCC_NO_COMMON_BLOCKS = YES;
				GCC_WARN_64_TO_32_BIT_CONVERSION = YES;
				GCC_WARN_ABOUT_RETURN_TYPE = YES_ERROR;
				GCC_WARN_UNDECLARED_SELECTOR = YES;
				GCC_WARN_UNINITIALIZED_AUTOS = YES_AGGRESSIVE;
				GCC_WARN_UNUSED_FUNCTION = YES;
				GCC_WARN_UNUSED_VARIABLE = YES;
				IPHONEOS_DEPLOYMENT_TARGET = 9.2;
				MTL_ENABLE_DEBUG_INFO = NO;
				SDKROOT = iphoneos;
				VALIDATE_PRODUCT = YES;
			};
			name = Release;
		};
		ED7EB0551C289444004BAF7A /* Debug */ = {
			isa = XCBuildConfiguration;
			buildSettings = {
				ASSETCATALOG_COMPILER_APPICON_NAME = AppIcon;
				ASSETCATALOG_COMPILER_LAUNCHIMAGE_NAME = "Brand Assets";
				CODE_SIGN_IDENTITY = "iPhone Developer";
				"CODE_SIGN_IDENTITY[sdk=iphoneos*]" = "iPhone Developer";
				INFOPLIST_FILE = "FBLA-2016/Info.plist";
				IPHONEOS_DEPLOYMENT_TARGET = 6.0;
				LD_RUNPATH_SEARCH_PATHS = "$(inherited) @executable_path/Frameworks";
				PRODUCT_BUNDLE_IDENTIFIER = "com.DavidKopala.FBLA-2016";
				PRODUCT_NAME = "$(TARGET_NAME)";
				PROVISIONING_PROFILE = "";
			};
			name = Debug;
		};
		ED7EB0561C289444004BAF7A /* Release */ = {
			isa = XCBuildConfiguration;
			buildSettings = {
				ASSETCATALOG_COMPILER_APPICON_NAME = AppIcon;
				ASSETCATALOG_COMPILER_LAUNCHIMAGE_NAME = "Brand Assets";
				CODE_SIGN_IDENTITY = "iPhone Developer";
				"CODE_SIGN_IDENTITY[sdk=iphoneos*]" = "iPhone Developer";
				INFOPLIST_FILE = "FBLA-2016/Info.plist";
				IPHONEOS_DEPLOYMENT_TARGET = 6.0;
				LD_RUNPATH_SEARCH_PATHS = "$(inherited) @executable_path/Frameworks";
				PRODUCT_BUNDLE_IDENTIFIER = "com.DavidKopala.FBLA-2016";
				PRODUCT_NAME = "$(TARGET_NAME)";
				PROVISIONING_PROFILE = "";
			};
			name = Release;
		};
		ED7EB0581C289444004BAF7A /* Debug */ = {
			isa = XCBuildConfiguration;
			buildSettings = {
				BUNDLE_LOADER = "$(TEST_HOST)";
				INFOPLIST_FILE = "FBLA-2016Tests/Info.plist";
				LD_RUNPATH_SEARCH_PATHS = "$(inherited) @executable_path/Frameworks @loader_path/Frameworks";
				PRODUCT_BUNDLE_IDENTIFIER = "com.DavidKopala.FBLA-2016Tests";
				PRODUCT_NAME = "$(TARGET_NAME)";
				TEST_HOST = "$(BUILT_PRODUCTS_DIR)/FBLA-2016.app/FBLA-2016";
			};
			name = Debug;
		};
		ED7EB0591C289444004BAF7A /* Release */ = {
			isa = XCBuildConfiguration;
			buildSettings = {
				BUNDLE_LOADER = "$(TEST_HOST)";
				INFOPLIST_FILE = "FBLA-2016Tests/Info.plist";
				LD_RUNPATH_SEARCH_PATHS = "$(inherited) @executable_path/Frameworks @loader_path/Frameworks";
				PRODUCT_BUNDLE_IDENTIFIER = "com.DavidKopala.FBLA-2016Tests";
				PRODUCT_NAME = "$(TARGET_NAME)";
				TEST_HOST = "$(BUILT_PRODUCTS_DIR)/FBLA-2016.app/FBLA-2016";
			};
			name = Release;
		};
		ED7EB05B1C289444004BAF7A /* Debug */ = {
			isa = XCBuildConfiguration;
			buildSettings = {
				INFOPLIST_FILE = "FBLA-2016UITests/Info.plist";
				LD_RUNPATH_SEARCH_PATHS = "$(inherited) @executable_path/Frameworks @loader_path/Frameworks";
				PRODUCT_BUNDLE_IDENTIFIER = "com.DavidKopala.FBLA-2016UITests";
				PRODUCT_NAME = "$(TARGET_NAME)";
				TEST_TARGET_NAME = "FBLA-2016";
				USES_XCTRUNNER = YES;
			};
			name = Debug;
		};
		ED7EB05C1C289444004BAF7A /* Release */ = {
			isa = XCBuildConfiguration;
			buildSettings = {
				INFOPLIST_FILE = "FBLA-2016UITests/Info.plist";
				LD_RUNPATH_SEARCH_PATHS = "$(inherited) @executable_path/Frameworks @loader_path/Frameworks";
				PRODUCT_BUNDLE_IDENTIFIER = "com.DavidKopala.FBLA-2016UITests";
				PRODUCT_NAME = "$(TARGET_NAME)";
				TEST_TARGET_NAME = "FBLA-2016";
				USES_XCTRUNNER = YES;
			};
			name = Release;
		};
/* End XCBuildConfiguration section */

/* Begin XCConfigurationList section */
		ED7EB01F1C289441004BAF7A /* Build configuration list for PBXProject "FBLA-2016" */ = {
			isa = XCConfigurationList;
			buildConfigurations = (
				ED7EB0521C289444004BAF7A /* Debug */,
				ED7EB0531C289444004BAF7A /* Release */,
			);
			defaultConfigurationIsVisible = 0;
			defaultConfigurationName = Release;
		};
		ED7EB0541C289444004BAF7A /* Build configuration list for PBXNativeTarget "FBLA-2016" */ = {
			isa = XCConfigurationList;
			buildConfigurations = (
				ED7EB0551C289444004BAF7A /* Debug */,
				ED7EB0561C289444004BAF7A /* Release */,
			);
			defaultConfigurationIsVisible = 0;
			defaultConfigurationName = Release;
		};
		ED7EB0571C289444004BAF7A /* Build configuration list for PBXNativeTarget "FBLA-2016Tests" */ = {
			isa = XCConfigurationList;
			buildConfigurations = (
				ED7EB0581C289444004BAF7A /* Debug */,
				ED7EB0591C289444004BAF7A /* Release */,
			);
			defaultConfigurationIsVisible = 0;
			defaultConfigurationName = Release;
		};
		ED7EB05A1C289444004BAF7A /* Build configuration list for PBXNativeTarget "FBLA-2016UITests" */ = {
			isa = XCConfigurationList;
			buildConfigurations = (
				ED7EB05B1C289444004BAF7A /* Debug */,
				ED7EB05C1C289444004BAF7A /* Release */,
			);
			defaultConfigurationIsVisible = 0;
			defaultConfigurationName = Release;
		};
/* End XCConfigurationList section */
	};
	rootObject = ED7EB01C1C289441004BAF7A /* Project object */;
}
