// !$*UTF8*$!
{
	archiveVersion = 1;
	classes = {
	};
	objectVersion = 46;
	objects = {

/* Begin PBXBuildFile section */
		ED7EB0291C289442004BAF7A /* main.m in Sources */ = {isa = PBXBuildFile; fileRef = ED7EB0281C289442004BAF7A /* main.m */; };
		ED7EB02C1C289442004BAF7A /* AppDelegate.m in Sources */ = {isa = PBXBuildFile; fileRef = ED7EB02B1C289442004BAF7A /* AppDelegate.m */; };
		ED7EB02F1C289442004BAF7A /* LoginViewController.m in Sources */ = {isa = PBXBuildFile; fileRef = ED7EB02E1C289442004BAF7A /* LoginViewController.m */; };
		ED7EB0321C289442004BAF7A /* RegisterViewController.m in Sources */ = {isa = PBXBuildFile; fileRef = ED7EB0311C289442004BAF7A /* RegisterViewController.m */; };
		ED7EB0351C289443004BAF7A /* Main.storyboard in Resources */ = {isa = PBXBuildFile; fileRef = ED7EB0331C289443004BAF7A /* Main.storyboard */; };
		ED7EB0371C289443004BAF7A /* Assets.xcassets in Resources */ = {isa = PBXBuildFile; fileRef = ED7EB0361C289443004BAF7A /* Assets.xcassets */; };
		ED7EB03A1C289443004BAF7A /* LaunchScreen.storyboard in Resources */ = {isa = PBXBuildFile; fileRef = ED7EB0381C289443004BAF7A /* LaunchScreen.storyboard */; };
		ED7EB0451C289444004BAF7A /* FBLA_2016Tests.m in Sources */ = {isa = PBXBuildFile; fileRef = ED7EB0441C289443004BAF7A /* FBLA_2016Tests.m */; };
		ED7EB0501C289444004BAF7A /* FBLA_2016UITests.m in Sources */ = {isa = PBXBuildFile; fileRef = ED7EB04F1C289444004BAF7A /* FBLA_2016UITests.m */; };
		ED7EB0601C289AE6004BAF7A /* SlidingViewController.m in Sources */ = {isa = PBXBuildFile; fileRef = ED7EB05F1C289AE6004BAF7A /* SlidingViewController.m */; };
		ED7EB0621C289AF8004BAF7A /* SlidingView.xib in Resources */ = {isa = PBXBuildFile; fileRef = ED7EB0611C289AF8004BAF7A /* SlidingView.xib */; };
		ED7EB0651C28D496004BAF7A /* IntroViews.xib in Resources */ = {isa = PBXBuildFile; fileRef = ED7EB0641C28D496004BAF7A /* IntroViews.xib */; };
		ED7EB0681C28D4EA004BAF7A /* IntroViewController.m in Sources */ = {isa = PBXBuildFile; fileRef = ED7EB0671C28D4EA004BAF7A /* IntroViewController.m */; };
		ED7EB06C1C28D7C4004BAF7A /* SignInMenuView.m in Sources */ = {isa = PBXBuildFile; fileRef = ED7EB06B1C28D7C4004BAF7A /* SignInMenuView.m */; };
		ED7EB06E1C28D7D5004BAF7A /* SignInMenuView.xib in Resources */ = {isa = PBXBuildFile; fileRef = ED7EB06D1C28D7D5004BAF7A /* SignInMenuView.xib */; };
/* End PBXBuildFile section */

/* Begin PBXContainerItemProxy section */
		ED7EB0411C289443004BAF7A /* PBXContainerItemProxy */ = {
			isa = PBXContainerItemProxy;
			containerPortal = ED7EB01C1C289441004BAF7A /* Project object */;
			proxyType = 1;
			remoteGlobalIDString = ED7EB0231C289441004BAF7A;
			remoteInfo = "FBLA-2016";
		};
		ED7EB04C1C289444004BAF7A /* PBXContainerItemProxy */ = {
			isa = PBXContainerItemProxy;
			containerPortal = ED7EB01C1C289441004BAF7A /* Project object */;
			proxyType = 1;
			remoteGlobalIDString = ED7EB0231C289441004BAF7A;
			remoteInfo = "FBLA-2016";
		};
/* End PBXContainerItemProxy section */

/* Begin PBXFileReference section */
		ED7EB0241C289442004BAF7A /* FBLA-2016.app */ = {isa = PBXFileReference; explicitFileType = wrapper.application; includeInIndex = 0; path = "FBLA-2016.app"; sourceTree = BUILT_PRODUCTS_DIR; };
		ED7EB0281C289442004BAF7A /* main.m */ = {isa = PBXFileReference; lastKnownFileType = sourcecode.c.objc; path = main.m; sourceTree = "<group>"; };
		ED7EB02A1C289442004BAF7A /* AppDelegate.h */ = {isa = PBXFileReference; lastKnownFileType = sourcecode.c.h; path = AppDelegate.h; sourceTree = "<group>"; };
		ED7EB02B1C289442004BAF7A /* AppDelegate.m */ = {isa = PBXFileReference; lastKnownFileType = sourcecode.c.objc; path = AppDelegate.m; sourceTree = "<group>"; };
		ED7EB02D1C289442004BAF7A /* LoginViewController.h */ = {isa = PBXFileReference; lastKnownFileType = sourcecode.c.h; path = LoginViewController.h; sourceTree = "<group>"; };
		ED7EB02E1C289442004BAF7A /* LoginViewController.m */ = {isa = PBXFileReference; lastKnownFileType = sourcecode.c.objc; path = LoginViewController.m; sourceTree = "<group>"; };
		ED7EB0301C289442004BAF7A /* RegisterViewController.h */ = {isa = PBXFileReference; lastKnownFileType = sourcecode.c.h; path = RegisterViewController.h; sourceTree = "<group>"; };
		ED7EB0311C289442004BAF7A /* RegisterViewController.m */ = {isa = PBXFileReference; lastKnownFileType = sourcecode.c.objc; path = RegisterViewController.m; sourceTree = "<group>"; };
		ED7EB0341C289443004BAF7A /* Base */ = {isa = PBXFileReference; lastKnownFileType = file.storyboard; name = Base; path = Base.lproj/Main.storyboard; sourceTree = "<group>"; };
		ED7EB0361C289443004BAF7A /* Assets.xcassets */ = {isa = PBXFileReference; lastKnownFileType = folder.assetcatalog; path = Assets.xcassets; sourceTree = "<group>"; };
		ED7EB0391C289443004BAF7A /* Base */ = {isa = PBXFileReference; lastKnownFileType = file.storyboard; name = Base; path = Base.lproj/LaunchScreen.storyboard; sourceTree = "<group>"; };
		ED7EB03B1C289443004BAF7A /* Info.plist */ = {isa = PBXFileReference; lastKnownFileType = text.plist.xml; path = Info.plist; sourceTree = "<group>"; };
		ED7EB0401C289443004BAF7A /* FBLA-2016Tests.xctest */ = {isa = PBXFileReference; explicitFileType = wrapper.cfbundle; includeInIndex = 0; path = "FBLA-2016Tests.xctest"; sourceTree = BUILT_PRODUCTS_DIR; };
		ED7EB0441C289443004BAF7A /* FBLA_2016Tests.m */ = {isa = PBXFileReference; lastKnownFileType = sourcecode.c.objc; path = FBLA_2016Tests.m; sourceTree = "<group>"; };
		ED7EB0461C289444004BAF7A /* Info.plist */ = {isa = PBXFileReference; lastKnownFileType = text.plist.xml; path = Info.plist; sourceTree = "<group>"; };
		ED7EB04B1C289444004BAF7A /* FBLA-2016UITests.xctest */ = {isa = PBXFileReference; explicitFileType = wrapper.cfbundle; includeInIndex = 0; path = "FBLA-2016UITests.xctest"; sourceTree = BUILT_PRODUCTS_DIR; };
		ED7EB04F1C289444004BAF7A /* FBLA_2016UITests.m */ = {isa = PBXFileReference; lastKnownFileType = sourcecode.c.objc; path = FBLA_2016UITests.m; sourceTree = "<group>"; };
		ED7EB0511C289444004BAF7A /* Info.plist */ = {isa = PBXFileReference; lastKnownFileType = text.plist.xml; path = Info.plist; sourceTree = "<group>"; };
		ED7EB05E1C289AE6004BAF7A /* SlidingViewController.h */ = {isa = PBXFileReference; fileEncoding = 4; lastKnownFileType = sourcecode.c.h; path = SlidingViewController.h; sourceTree = "<group>"; };
		ED7EB05F1C289AE6004BAF7A /* SlidingViewController.m */ = {isa = PBXFileReference; fileEncoding = 4; lastKnownFileType = sourcecode.c.objc; path = SlidingViewController.m; sourceTree = "<group>"; };
		ED7EB0611C289AF8004BAF7A /* SlidingView.xib */ = {isa = PBXFileReference; fileEncoding = 4; lastKnownFileType = file.xib; path = SlidingView.xib; sourceTree = "<group>"; };
		ED7EB0641C28D496004BAF7A /* IntroViews.xib */ = {isa = PBXFileReference; fileEncoding = 4; lastKnownFileType = file.xib; path = IntroViews.xib; sourceTree = "<group>"; };
		ED7EB0661C28D4EA004BAF7A /* IntroViewController.h */ = {isa = PBXFileReference; fileEncoding = 4; lastKnownFileType = sourcecode.c.h; path = IntroViewController.h; sourceTree = "<group>"; };
		ED7EB0671C28D4EA004BAF7A /* IntroViewController.m */ = {isa = PBXFileReference; fileEncoding = 4; lastKnownFileType = sourcecode.c.objc; path = IntroViewController.m; sourceTree = "<group>"; };
		ED7EB06A1C28D7C4004BAF7A /* SignInMenuView.h */ = {isa = PBXFileReference; fileEncoding = 4; lastKnownFileType = sourcecode.c.h; path = SignInMenuView.h; sourceTree = "<group>"; };
		ED7EB06B1C28D7C4004BAF7A /* SignInMenuView.m */ = {isa = PBXFileReference; fileEncoding = 4; lastKnownFileType = sourcecode.c.objc; path = SignInMenuView.m; sourceTree = "<group>"; };
		ED7EB06D1C28D7D5004BAF7A /* SignInMenuView.xib */ = {isa = PBXFileReference; fileEncoding = 4; lastKnownFileType = file.xib; path = SignInMenuView.xib; sourceTree = "<group>"; };
/* End PBXFileReference section */

/* Begin PBXFrameworksBuildPhase section */
		ED7EB0211C289441004BAF7A /* Frameworks */ = {
			isa = PBXFrameworksBuildPhase;
			buildActionMask = 2147483647;
			files = (
			);
			runOnlyForDeploymentPostprocessing = 0;
		};
		ED7EB03D1C289443004BAF7A /* Frameworks */ = {
			isa = PBXFrameworksBuildPhase;
			buildActionMask = 2147483647;
			files = (
			);
			runOnlyForDeploymentPostprocessing = 0;
		};
		ED7EB0481C289444004BAF7A /* Frameworks */ = {
			isa = PBXFrameworksBuildPhase;
			buildActionMask = 2147483647;
			files = (
			);
			runOnlyForDeploymentPostprocessing = 0;
		};
/* End PBXFrameworksBuildPhase section */

/* Begin PBXGroup section */
		ED7EB01B1C289441004BAF7A = {
			isa = PBXGroup;
			children = (
				ED7EB0261C289442004BAF7A /* FBLA-2016 */,
				ED7EB0431C289443004BAF7A /* FBLA-2016Tests */,
				ED7EB04E1C289444004BAF7A /* FBLA-2016UITests */,
				ED7EB0251C289442004BAF7A /* Products */,
			);
			sourceTree = "<group>";
		};
		ED7EB0251C289442004BAF7A /* Products */ = {
			isa = PBXGroup;
			children = (
				ED7EB0241C289442004BAF7A /* FBLA-2016.app */,
				ED7EB0401C289443004BAF7A /* FBLA-2016Tests.xctest */,
				ED7EB04B1C289444004BAF7A /* FBLA-2016UITests.xctest */,
			);
			name = Products;
			sourceTree = "<group>";
		};
		ED7EB0261C289442004BAF7A /* FBLA-2016 */ = {
			isa = PBXGroup;
			children = (
				ED7EB0631C28D475004BAF7A /* IntroViews */,
				ED7EB05D1C289AB2004BAF7A /* SlidingViewController */,
				ED7EB02A1C289442004BAF7A /* AppDelegate.h */,
				ED7EB02B1C289442004BAF7A /* AppDelegate.m */,
				ED7EB02D1C289442004BAF7A /* LoginViewController.h */,
				ED7EB02E1C289442004BAF7A /* LoginViewController.m */,
				ED7EB0301C289442004BAF7A /* RegisterViewController.h */,
				ED7EB0311C289442004BAF7A /* RegisterViewController.m */,
				ED7EB0331C289443004BAF7A /* Main.storyboard */,
				ED7EB0361C289443004BAF7A /* Assets.xcassets */,
				ED7EB0381C289443004BAF7A /* LaunchScreen.storyboard */,
				ED7EB03B1C289443004BAF7A /* Info.plist */,
				ED7EB0271C289442004BAF7A /* Supporting Files */,
			);
			path = "FBLA-2016";
			sourceTree = "<group>";
		};
		ED7EB0271C289442004BAF7A /* Supporting Files */ = {
			isa = PBXGroup;
			children = (
				ED7EB0281C289442004BAF7A /* main.m */,
			);
			name = "Supporting Files";
			sourceTree = "<group>";
		};
		ED7EB0431C289443004BAF7A /* FBLA-2016Tests */ = {
			isa = PBXGroup;
			children = (
				ED7EB0441C289443004BAF7A /* FBLA_2016Tests.m */,
				ED7EB0461C289444004BAF7A /* Info.plist */,
			);
			path = "FBLA-2016Tests";
			sourceTree = "<group>";
		};
		ED7EB04E1C289444004BAF7A /* FBLA-2016UITests */ = {
			isa = PBXGroup;
			children = (
				ED7EB04F1C289444004BAF7A /* FBLA_2016UITests.m */,
				ED7EB0511C289444004BAF7A /* Info.plist */,
			);
			path = "FBLA-2016UITests";
			sourceTree = "<group>";
		};
		ED7EB05D1C289AB2004BAF7A /* SlidingViewController */ = {
			isa = PBXGroup;
			children = (
				ED7EB05E1C289AE6004BAF7A /* SlidingViewController.h */,
				ED7EB05F1C289AE6004BAF7A /* SlidingViewController.m */,
				ED7EB0611C289AF8004BAF7A /* SlidingView.xib */,
			);
			name = SlidingViewController;
			sourceTree = "<group>";
		};
		ED7EB0631C28D475004BAF7A /* IntroViews */ = {
			isa = PBXGroup;
			children = (
				ED7EB0691C28D739004BAF7A /* Sign In Menu */,
				ED7EB0641C28D496004BAF7A /* IntroViews.xib */,
				ED7EB0661C28D4EA004BAF7A /* IntroViewController.h */,
				ED7EB0671C28D4EA004BAF7A /* IntroViewController.m */,
			);
			name = IntroViews;
			sourceTree = "<group>";
		};
		ED7EB0691C28D739004BAF7A /* Sign In Menu */ = {
			isa = PBXGroup;
			children = (
				ED7EB06A1C28D7C4004BAF7A /* SignInMenuView.h */,
				ED7EB06B1C28D7C4004BAF7A /* SignInMenuView.m */,
				ED7EB06D1C28D7D5004BAF7A /* SignInMenuView.xib */,
			);
			name = "Sign In Menu";
			sourceTree = "<group>";
		};
/* End PBXGroup section */

/* Begin PBXNativeTarget section */
		ED7EB0231C289441004BAF7A /* FBLA-2016 */ = {
			isa = PBXNativeTarget;
			buildConfigurationList = ED7EB0541C289444004BAF7A /* Build configuration list for PBXNativeTarget "FBLA-2016" */;
			buildPhases = (
				ED7EB0201C289441004BAF7A /* Sources */,
				ED7EB0211C289441004BAF7A /* Frameworks */,
				ED7EB0221C289441004BAF7A /* Resources */,
			);
			buildRules = (
			);
			dependencies = (
			);
			name = "FBLA-2016";
			productName = "FBLA-2016";
			productReference = ED7EB0241C289442004BAF7A /* FBLA-2016.app */;
			productType = "com.apple.product-type.application";
		};
		ED7EB03F1C289443004BAF7A /* FBLA-2016Tests */ = {
			isa = PBXNativeTarget;
			buildConfigurationList = ED7EB0571C289444004BAF7A /* Build configuration list for PBXNativeTarget "FBLA-2016Tests" */;
			buildPhases = (
				ED7EB03C1C289443004BAF7A /* Sources */,
				ED7EB03D1C289443004BAF7A /* Frameworks */,
				ED7EB03E1C289443004BAF7A /* Resources */,
			);
			buildRules = (
			);
			dependencies = (
				ED7EB0421C289443004BAF7A /* PBXTargetDependency */,
			);
			name = "FBLA-2016Tests";
			productName = "FBLA-2016Tests";
			productReference = ED7EB0401C289443004BAF7A /* FBLA-2016Tests.xctest */;
			productType = "com.apple.product-type.bundle.unit-test";
		};
		ED7EB04A1C289444004BAF7A /* FBLA-2016UITests */ = {
			isa = PBXNativeTarget;
			buildConfigurationList = ED7EB05A1C289444004BAF7A /* Build configuration list for PBXNativeTarget "FBLA-2016UITests" */;
			buildPhases = (
				ED7EB0471C289444004BAF7A /* Sources */,
				ED7EB0481C289444004BAF7A /* Frameworks */,
				ED7EB0491C289444004BAF7A /* Resources */,
			);
			buildRules = (
			);
			dependencies = (
				ED7EB04D1C289444004BAF7A /* PBXTargetDependency */,
			);
			name = "FBLA-2016UITests";
			productName = "FBLA-2016UITests";
			productReference = ED7EB04B1C289444004BAF7A /* FBLA-2016UITests.xctest */;
			productType = "com.apple.product-type.bundle.ui-testing";
		};
/* End PBXNativeTarget section */

/* Begin PBXProject section */
		ED7EB01C1C289441004BAF7A /* Project object */ = {
			isa = PBXProject;
			attributes = {
				LastUpgradeCheck = 0720;
				ORGANIZATIONNAME = "David Kopala";
				TargetAttributes = {
					ED7EB0231C289441004BAF7A = {
						CreatedOnToolsVersion = 7.2;
						DevelopmentTeam = GJXXRYA9GQ;
					};
					ED7EB03F1C289443004BAF7A = {
						CreatedOnToolsVersion = 7.2;
						TestTargetID = ED7EB0231C289441004BAF7A;
					};
					ED7EB04A1C289444004BAF7A = {
						CreatedOnToolsVersion = 7.2;
						TestTargetID = ED7EB0231C289441004BAF7A;
					};
				};
			};
			buildConfigurationList = ED7EB01F1C289441004BAF7A /* Build configuration list for PBXProject "FBLA-2016" */;
			compatibilityVersion = "Xcode 3.2";
			developmentRegion = English;
			hasScannedForEncodings = 0;
			knownRegions = (
				en,
				Base,
			);
			mainGroup = ED7EB01B1C289441004BAF7A;
			productRefGroup = ED7EB0251C289442004BAF7A /* Products */;
			projectDirPath = "";
			projectRoot = "";
			targets = (
				ED7EB0231C289441004BAF7A /* FBLA-2016 */,
				ED7EB03F1C289443004BAF7A /* FBLA-2016Tests */,
				ED7EB04A1C289444004BAF7A /* FBLA-2016UITests */,
			);
		};
/* End PBXProject section */

/* Begin PBXResourcesBuildPhase section */
		ED7EB0221C289441004BAF7A /* Resources */ = {
			isa = PBXResourcesBuildPhase;
			buildActionMask = 2147483647;
			files = (
				ED7EB03A1C289443004BAF7A /* LaunchScreen.storyboard in Resources */,
				ED7EB0621C289AF8004BAF7A /* SlidingView.xib in Resources */,
				ED7EB0371C289443004BAF7A /* Assets.xcassets in Resources */,
				ED7EB0651C28D496004BAF7A /* IntroViews.xib in Resources */,
				ED7EB0351C289443004BAF7A /* Main.storyboard in Resources */,
				ED7EB06E1C28D7D5004BAF7A /* SignInMenuView.xib in Resources */,
			);
			runOnlyForDeploymentPostprocessing = 0;
		};
		ED7EB03E1C289443004BAF7A /* Resources */ = {
			isa = PBXResourcesBuildPhase;
			buildActionMask = 2147483647;
			files = (
			);
			runOnlyForDeploymentPostprocessing = 0;
		};
		ED7EB0491C289444004BAF7A /* Resources */ = {
			isa = PBXResourcesBuildPhase;
			buildActionMask = 2147483647;
			files = (
			);
			runOnlyForDeploymentPostprocessing = 0;
		};
/* End PBXResourcesBuildPhase section */

/* Begin PBXSourcesBuildPhase section */
		ED7EB0201C289441004BAF7A /* Sources */ = {
			isa = PBXSourcesBuildPhase;
			buildActionMask = 2147483647;
			files = (
				ED7EB0321C289442004BAF7A /* RegisterViewController.m in Sources */,
				ED7EB06C1C28D7C4004BAF7A /* SignInMenuView.m in Sources */,
				ED7EB0681C28D4EA004BAF7A /* IntroViewController.m in Sources */,
				ED7EB02C1C289442004BAF7A /* AppDelegate.m in Sources */,
				ED7EB02F1C289442004BAF7A /* LoginViewController.m in Sources */,
				ED7EB0291C289442004BAF7A /* main.m in Sources */,
				ED7EB0601C289AE6004BAF7A /* SlidingViewController.m in Sources */,
			);
			runOnlyForDeploymentPostprocessing = 0;
		};
		ED7EB03C1C289443004BAF7A /* Sources */ = {
			isa = PBXSourcesBuildPhase;
			buildActionMask = 2147483647;
			files = (
				ED7EB0451C289444004BAF7A /* FBLA_2016Tests.m in Sources */,
			);
			runOnlyForDeploymentPostprocessing = 0;
		};
		ED7EB0471C289444004BAF7A /* Sources */ = {
			isa = PBXSourcesBuildPhase;
			buildActionMask = 2147483647;
			files = (
				ED7EB0501C289444004BAF7A /* FBLA_2016UITests.m in Sources */,
			);
			runOnlyForDeploymentPostprocessing = 0;
		};
/* End PBXSourcesBuildPhase section */

/* Begin PBXTargetDependency section */
		ED7EB0421C289443004BAF7A /* PBXTargetDependency */ = {
			isa = PBXTargetDependency;
			target = ED7EB0231C289441004BAF7A /* FBLA-2016 */;
			targetProxy = ED7EB0411C289443004BAF7A /* PBXContainerItemProxy */;
		};
		ED7EB04D1C289444004BAF7A /* PBXTargetDependency */ = {
			isa = PBXTargetDependency;
			target = ED7EB0231C289441004BAF7A /* FBLA-2016 */;
			targetProxy = ED7EB04C1C289444004BAF7A /* PBXContainerItemProxy */;
		};
/* End PBXTargetDependency section */

/* Begin PBXVariantGroup section */
		ED7EB0331C289443004BAF7A /* Main.storyboard */ = {
			isa = PBXVariantGroup;
			children = (
				ED7EB0341C289443004BAF7A /* Base */,
			);
			name = Main.storyboard;
			sourceTree = "<group>";
		};
		ED7EB0381C289443004BAF7A /* LaunchScreen.storyboard */ = {
			isa = PBXVariantGroup;
			children = (
				ED7EB0391C289443004BAF7A /* Base */,
			);
			name = LaunchScreen.storyboard;
			sourceTree = "<group>";
		};
/* End PBXVariantGroup section */

/* Begin XCBuildConfiguration section */
		ED7EB0521C289444004BAF7A /* Debug */ = {
			isa = XCBuildConfiguration;
			buildSettings = {
				ALWAYS_SEARCH_USER_PATHS = NO;
				CLANG_CXX_LANGUAGE_STANDARD = "gnu++0x";
				CLANG_CXX_LIBRARY = "libc++";
				CLANG_ENABLE_MODULES = YES;
				CLANG_ENABLE_OBJC_ARC = YES;
				CLANG_WARN_BOOL_CONVERSION = YES;
				CLANG_WARN_CONSTANT_CONVERSION = YES;
				CLANG_WARN_DIRECT_OBJC_ISA_USAGE = YES_ERROR;
				CLANG_WARN_EMPTY_BODY = YES;
				CLANG_WARN_ENUM_CONVERSION = YES;
				CLANG_WARN_INT_CONVERSION = YES;
				CLANG_WARN_OBJC_ROOT_CLASS = YES_ERROR;
				CLANG_WARN_UNREACHABLE_CODE = YES;
				CLANG_WARN__DUPLICATE_METHOD_MATCH = YES;
				"CODE_SIGN_IDENTITY[sdk=iphoneos*]" = "iPhone Developer";
				COPY_PHASE_STRIP = NO;
				DEBUG_INFORMATION_FORMAT = dwarf;
				ENABLE_STRICT_OBJC_MSGSEND = YES;
				ENABLE_TESTABILITY = YES;
				GCC_C_LANGUAGE_STANDARD = gnu99;
				GCC_DYNAMIC_NO_PIC = NO;
				GCC_NO_COMMON_BLOCKS = YES;
				GCC_OPTIMIZATION_LEVEL = 0;
				GCC_PREPROCESSOR_DEFINITIONS = (
					"DEBUG=1",
					"$(inherited)",
				);
				GCC_WARN_64_TO_32_BIT_CONVERSION = YES;
				GCC_WARN_ABOUT_RETURN_TYPE = YES_ERROR;
				GCC_WARN_UNDECLARED_SELECTOR = YES;
				GCC_WARN_UNINITIALIZED_AUTOS = YES_AGGRESSIVE;
				GCC_WARN_UNUSED_FUNCTION = YES;
				GCC_WARN_UNUSED_VARIABLE = YES;
				IPHONEOS_DEPLOYMENT_TARGET = 9.2;
				MTL_ENABLE_DEBUG_INFO = YES;
				ONLY_ACTIVE_ARCH = YES;
				SDKROOT = iphoneos;
			};
			name = Debug;
		};
		ED7EB0531C289444004BAF7A /* Release */ = {
			isa = XCBuildConfiguration;
			buildSettings = {
				ALWAYS_SEARCH_USER_PATHS = NO;
				CLANG_CXX_LANGUAGE_STANDARD = "gnu++0x";
				CLANG_CXX_LIBRARY = "libc++";
				CLANG_ENABLE_MODULES = YES;
				CLANG_ENABLE_OBJC_ARC = YES;
				CLANG_WARN_BOOL_CONVERSION = YES;
				CLANG_WARN_CONSTANT_CONVERSION = YES;
				CLANG_WARN_DIRECT_OBJC_ISA_USAGE = YES_ERROR;
				CLANG_WARN_EMPTY_BODY = YES;
				CLANG_WARN_ENUM_CONVERSION = YES;
				CLANG_WARN_INT_CONVERSION = YES;
				CLANG_WARN_OBJC_ROOT_CLASS = YES_ERROR;
				CLANG_WARN_UNREACHABLE_CODE = YES;
				CLANG_WARN__DUPLICATE_METHOD_MATCH = YES;
				"CODE_SIGN_IDENTITY[sdk=iphoneos*]" = "iPhone Developer";
				COPY_PHASE_STRIP = NO;
				DEBUG_INFORMATION_FORMAT = "dwarf-with-dsym";
				ENABLE_NS_ASSERTIONS = NO;
				ENABLE_STRICT_OBJC_MSGSEND = YES;
				GCC_C_LANGUAGE_STANDARD = gnu99;
				GCC_NO_COMMON_BLOCKS = YES;
				GCC_WARN_64_TO_32_BIT_CONVERSION = YES;
				GCC_WARN_ABOUT_RETURN_TYPE = YES_ERROR;
				GCC_WARN_UNDECLARED_SELECTOR = YES;
				GCC_WARN_UNINITIALIZED_AUTOS = YES_AGGRESSIVE;
				GCC_WARN_UNUSED_FUNCTION = YES;
				GCC_WARN_UNUSED_VARIABLE = YES;
				IPHONEOS_DEPLOYMENT_TARGET = 9.2;
				MTL_ENABLE_DEBUG_INFO = NO;
				SDKROOT = iphoneos;
				VALIDATE_PRODUCT = YES;
			};
			name = Release;
		};
		ED7EB0551C289444004BAF7A /* Debug */ = {
			isa = XCBuildConfiguration;
			buildSettings = {
				ASSETCATALOG_COMPILER_APPICON_NAME = AppIcon;
				ASSETCATALOG_COMPILER_LAUNCHIMAGE_NAME = "Brand Assets";
				CODE_SIGN_IDENTITY = "iPhone Developer";
				"CODE_SIGN_IDENTITY[sdk=iphoneos*]" = "iPhone Developer";
				INFOPLIST_FILE = "FBLA-2016/Info.plist";
				IPHONEOS_DEPLOYMENT_TARGET = 6.0;
				LD_RUNPATH_SEARCH_PATHS = "$(inherited) @executable_path/Frameworks";
				PRODUCT_BUNDLE_IDENTIFIER = "com.DavidKopala.FBLA-2016";
				PRODUCT_NAME = "$(TARGET_NAME)";
				PROVISIONING_PROFILE = "";
			};
			name = Debug;
		};
		ED7EB0561C289444004BAF7A /* Release */ = {
			isa = XCBuildConfiguration;
			buildSettings = {
				ASSETCATALOG_COMPILER_APPICON_NAME = AppIcon;
				ASSETCATALOG_COMPILER_LAUNCHIMAGE_NAME = "Brand Assets";
				CODE_SIGN_IDENTITY = "iPhone Developer";
				"CODE_SIGN_IDENTITY[sdk=iphoneos*]" = "iPhone Developer";
				INFOPLIST_FILE = "FBLA-2016/Info.plist";
				IPHONEOS_DEPLOYMENT_TARGET = 6.0;
				LD_RUNPATH_SEARCH_PATHS = "$(inherited) @executable_path/Frameworks";
				PRODUCT_BUNDLE_IDENTIFIER = "com.DavidKopala.FBLA-2016";
				PRODUCT_NAME = "$(TARGET_NAME)";
				PROVISIONING_PROFILE = "";
			};
			name = Release;
		};
		ED7EB0581C289444004BAF7A /* Debug */ = {
			isa = XCBuildConfiguration;
			buildSettings = {
				BUNDLE_LOADER = "$(TEST_HOST)";
				INFOPLIST_FILE = "FBLA-2016Tests/Info.plist";
				LD_RUNPATH_SEARCH_PATHS = "$(inherited) @executable_path/Frameworks @loader_path/Frameworks";
				PRODUCT_BUNDLE_IDENTIFIER = "com.DavidKopala.FBLA-2016Tests";
				PRODUCT_NAME = "$(TARGET_NAME)";
				TEST_HOST = "$(BUILT_PRODUCTS_DIR)/FBLA-2016.app/FBLA-2016";
			};
			name = Debug;
		};
		ED7EB0591C289444004BAF7A /* Release */ = {
			isa = XCBuildConfiguration;
			buildSettings = {
				BUNDLE_LOADER = "$(TEST_HOST)";
				INFOPLIST_FILE = "FBLA-2016Tests/Info.plist";
				LD_RUNPATH_SEARCH_PATHS = "$(inherited) @executable_path/Frameworks @loader_path/Frameworks";
				PRODUCT_BUNDLE_IDENTIFIER = "com.DavidKopala.FBLA-2016Tests";
				PRODUCT_NAME = "$(TARGET_NAME)";
				TEST_HOST = "$(BUILT_PRODUCTS_DIR)/FBLA-2016.app/FBLA-2016";
			};
			name = Release;
		};
		ED7EB05B1C289444004BAF7A /* Debug */ = {
			isa = XCBuildConfiguration;
			buildSettings = {
				INFOPLIST_FILE = "FBLA-2016UITests/Info.plist";
				LD_RUNPATH_SEARCH_PATHS = "$(inherited) @executable_path/Frameworks @loader_path/Frameworks";
				PRODUCT_BUNDLE_IDENTIFIER = "com.DavidKopala.FBLA-2016UITests";
				PRODUCT_NAME = "$(TARGET_NAME)";
				TEST_TARGET_NAME = "FBLA-2016";
				USES_XCTRUNNER = YES;
			};
			name = Debug;
		};
		ED7EB05C1C289444004BAF7A /* Release */ = {
			isa = XCBuildConfiguration;
			buildSettings = {
				INFOPLIST_FILE = "FBLA-2016UITests/Info.plist";
				LD_RUNPATH_SEARCH_PATHS = "$(inherited) @executable_path/Frameworks @loader_path/Frameworks";
				PRODUCT_BUNDLE_IDENTIFIER = "com.DavidKopala.FBLA-2016UITests";
				PRODUCT_NAME = "$(TARGET_NAME)";
				TEST_TARGET_NAME = "FBLA-2016";
				USES_XCTRUNNER = YES;
			};
			name = Release;
		};
/* End XCBuildConfiguration section */

/* Begin XCConfigurationList section */
		ED7EB01F1C289441004BAF7A /* Build configuration list for PBXProject "FBLA-2016" */ = {
			isa = XCConfigurationList;
			buildConfigurations = (
				ED7EB0521C289444004BAF7A /* Debug */,
				ED7EB0531C289444004BAF7A /* Release */,
			);
			defaultConfigurationIsVisible = 0;
			defaultConfigurationName = Release;
		};
		ED7EB0541C289444004BAF7A /* Build configuration list for PBXNativeTarget "FBLA-2016" */ = {
			isa = XCConfigurationList;
			buildConfigurations = (
				ED7EB0551C289444004BAF7A /* Debug */,
				ED7EB0561C289444004BAF7A /* Release */,
			);
			defaultConfigurationIsVisible = 0;
		};
		ED7EB0571C289444004BAF7A /* Build configuration list for PBXNativeTarget "FBLA-2016Tests" */ = {
			isa = XCConfigurationList;
			buildConfigurations = (
				ED7EB0581C289444004BAF7A /* Debug */,
				ED7EB0591C289444004BAF7A /* Release */,
			);
			defaultConfigurationIsVisible = 0;
		};
		ED7EB05A1C289444004BAF7A /* Build configuration list for PBXNativeTarget "FBLA-2016UITests" */ = {
			isa = XCConfigurationList;
			buildConfigurations = (
				ED7EB05B1C289444004BAF7A /* Debug */,
				ED7EB05C1C289444004BAF7A /* Release */,
			);
			defaultConfigurationIsVisible = 0;
		};
/* End XCConfigurationList section */
	};
	rootObject = ED7EB01C1C289441004BAF7A /* Project object */;
}
